// !$*UTF8*$!
{
	archiveVersion = 1;
	classes = {
	};
	objectVersion = 46;
	objects = {

/* Begin PBXBuildFile section */
		87D42EFEFC64418793F2F580 /* libPods.a in Frameworks */ = {isa = PBXBuildFile; fileRef = B2D7C8B040494DB5B3016DC8 /* libPods.a */; };
		E5B1EEAA15BB526D0089CC77 /* UIKit.framework in Frameworks */ = {isa = PBXBuildFile; fileRef = E5B1EEA915BB526D0089CC77 /* UIKit.framework */; };
		E5B1EEAC15BB526D0089CC77 /* Foundation.framework in Frameworks */ = {isa = PBXBuildFile; fileRef = E5B1EEAB15BB526D0089CC77 /* Foundation.framework */; };
		E5B1EEAE15BB526D0089CC77 /* CoreGraphics.framework in Frameworks */ = {isa = PBXBuildFile; fileRef = E5B1EEAD15BB526D0089CC77 /* CoreGraphics.framework */; };
		E5B1EEB415BB526D0089CC77 /* InfoPlist.strings in Resources */ = {isa = PBXBuildFile; fileRef = E5B1EEB215BB526D0089CC77 /* InfoPlist.strings */; };
		E5B1EEB615BB526D0089CC77 /* main.m in Sources */ = {isa = PBXBuildFile; fileRef = E5B1EEB515BB526D0089CC77 /* main.m */; };
		E5B1EEBA15BB526D0089CC77 /* AppDelegate.m in Sources */ = {isa = PBXBuildFile; fileRef = E5B1EEB915BB526D0089CC77 /* AppDelegate.m */; };
		E5B1EEBD15BB526D0089CC77 /* ViewController.m in Sources */ = {isa = PBXBuildFile; fileRef = E5B1EEBC15BB526D0089CC77 /* ViewController.m */; };
		E5B1EEC015BB526D0089CC77 /* ViewController.xib in Resources */ = {isa = PBXBuildFile; fileRef = E5B1EEBE15BB526D0089CC77 /* ViewController.xib */; };
		E5B1EEDD15BB5D860089CC77 /* ZUUIRevealController.m in Sources */ = {isa = PBXBuildFile; fileRef = E5B1EEDC15BB5D860089CC77 /* ZUUIRevealController.m */; };
		E5B1EEE915BB5FD60089CC77 /* RevealController.m in Sources */ = {isa = PBXBuildFile; fileRef = E5B1EEE815BB5FD60089CC77 /* RevealController.m */; };
		E5B1EEEC15BB61830089CC77 /* Prompt.m in Sources */ = {isa = PBXBuildFile; fileRef = E5B1EEEB15BB61830089CC77 /* Prompt.m */; };
		E5B1EEEF15BB62810089CC77 /* PromptCenter.m in Sources */ = {isa = PBXBuildFile; fileRef = E5B1EEEE15BB62810089CC77 /* PromptCenter.m */; };
		E5B1EEF215BB62B10089CC77 /* Singleton.m in Sources */ = {isa = PBXBuildFile; fileRef = E5B1EEF115BB62B10089CC77 /* Singleton.m */; };
		E5B1EEF915BB66160089CC77 /* DACircularProgressView.m in Sources */ = {isa = PBXBuildFile; fileRef = E5B1EEF515BB66150089CC77 /* DACircularProgressView.m */; settings = {COMPILER_FLAGS = "-fobjc-arc"; }; };
		E5B1EEFA15BB66160089CC77 /* EGORefreshTableHeaderView.m in Sources */ = {isa = PBXBuildFile; fileRef = E5B1EEF815BB66160089CC77 /* EGORefreshTableHeaderView.m */; };
		E5B1EF0E15BB6D350089CC77 /* MGBox.m in Sources */ = {isa = PBXBuildFile; fileRef = E5B1EF0115BB6D350089CC77 /* MGBox.m */; settings = {COMPILER_FLAGS = "-fobjc-arc"; }; };
		E5B1EF0F15BB6D350089CC77 /* MGBoxLine.m in Sources */ = {isa = PBXBuildFile; fileRef = E5B1EF0315BB6D350089CC77 /* MGBoxLine.m */; settings = {COMPILER_FLAGS = "-fobjc-arc"; }; };
		E5B1EF1015BB6D350089CC77 /* MGButton.m in Sources */ = {isa = PBXBuildFile; fileRef = E5B1EF0615BB6D350089CC77 /* MGButton.m */; settings = {COMPILER_FLAGS = "-fobjc-arc"; }; };
		E5B1EF1115BB6D350089CC77 /* MGScrollView.m in Sources */ = {isa = PBXBuildFile; fileRef = E5B1EF0815BB6D350089CC77 /* MGScrollView.m */; settings = {COMPILER_FLAGS = "-fobjc-arc"; }; };
		E5B1EF1215BB6D350089CC77 /* MGStyledBox.m in Sources */ = {isa = PBXBuildFile; fileRef = E5B1EF0A15BB6D350089CC77 /* MGStyledBox.m */; settings = {COMPILER_FLAGS = "-fobjc-arc"; }; };
		E5B1EF1315BB6D350089CC77 /* PrettyToolbar.m in Sources */ = {isa = PBXBuildFile; fileRef = E5B1EF0D15BB6D350089CC77 /* PrettyToolbar.m */; };
		E5B1EF1615BB6D540089CC77 /* QuartzCore.framework in Frameworks */ = {isa = PBXBuildFile; fileRef = E5B1EF1515BB6D540089CC77 /* QuartzCore.framework */; };
		E5B1EF1A15BB6EED0089CC77 /* RefreshViewController.m in Sources */ = {isa = PBXBuildFile; fileRef = E5B1EF1915BB6EED0089CC77 /* RefreshViewController.m */; };
		E5B1EF1E15BB70700089CC77 /* UIColor+CreateMethods.m in Sources */ = {isa = PBXBuildFile; fileRef = E5B1EF1D15BB70700089CC77 /* UIColor+CreateMethods.m */; };
		E5B1EF3015BB7FC90089CC77 /* NSString+Helper.m in Sources */ = {isa = PBXBuildFile; fileRef = E5B1EF2F15BB7FC90089CC77 /* NSString+Helper.m */; };
		E5B1EF3415BB7FD80089CC77 /* NSData+Helper.m in Sources */ = {isa = PBXBuildFile; fileRef = E5B1EF3315BB7FD80089CC77 /* NSData+Helper.m */; };
		E5B1EF3815BB807A0089CC77 /* MenuViewController.m in Sources */ = {isa = PBXBuildFile; fileRef = E5B1EF3615BB807A0089CC77 /* MenuViewController.m */; };
		E5B1EF3915BB807A0089CC77 /* MenuViewController.xib in Resources */ = {isa = PBXBuildFile; fileRef = E5B1EF3715BB807A0089CC77 /* MenuViewController.xib */; };
		E5B1EF3D15BB812F0089CC77 /* PromptViewController.m in Sources */ = {isa = PBXBuildFile; fileRef = E5B1EF3B15BB812F0089CC77 /* PromptViewController.m */; };
		E5B1EF3E15BB812F0089CC77 /* PromptViewController.xib in Resources */ = {isa = PBXBuildFile; fileRef = E5B1EF3C15BB812F0089CC77 /* PromptViewController.xib */; };
		E5B1EFC215BB9B930089CC77 /* arrow.png in Resources */ = {isa = PBXBuildFile; fileRef = E5B1EFAE15BB9B930089CC77 /* arrow.png */; };
		E5B1EFC315BB9B930089CC77 /* background.png in Resources */ = {isa = PBXBuildFile; fileRef = E5B1EFAF15BB9B930089CC77 /* background.png */; };
		E5B1EFC415BB9B930089CC77 /* background@2x.png in Resources */ = {isa = PBXBuildFile; fileRef = E5B1EFB015BB9B930089CC77 /* background@2x.png */; };
		E5B1EFC515BB9B930089CC77 /* blackArrow.png in Resources */ = {isa = PBXBuildFile; fileRef = E5B1EFB115BB9B930089CC77 /* blackArrow.png */; };
		E5B1EFC615BB9B930089CC77 /* blackArrow@2x.png in Resources */ = {isa = PBXBuildFile; fileRef = E5B1EFB215BB9B930089CC77 /* blackArrow@2x.png */; };
		E5B1EFC715BB9B930089CC77 /* blueArrow.png in Resources */ = {isa = PBXBuildFile; fileRef = E5B1EFB315BB9B930089CC77 /* blueArrow.png */; };
		E5B1EFC815BB9B930089CC77 /* blueArrow@2x.png in Resources */ = {isa = PBXBuildFile; fileRef = E5B1EFB415BB9B930089CC77 /* blueArrow@2x.png */; };
		E5B1EFC915BB9B930089CC77 /* ButtonMenu.png in Resources */ = {isa = PBXBuildFile; fileRef = E5B1EFB515BB9B930089CC77 /* ButtonMenu.png */; };
		E5B1EFCA15BB9B930089CC77 /* ButtonMenu@2x.png in Resources */ = {isa = PBXBuildFile; fileRef = E5B1EFB615BB9B930089CC77 /* ButtonMenu@2x.png */; };
		E5B1EFCB15BB9B930089CC77 /* dirty_old_shirt.png in Resources */ = {isa = PBXBuildFile; fileRef = E5B1EFB715BB9B930089CC77 /* dirty_old_shirt.png */; };
		E5B1EFCC15BB9B930089CC77 /* gplaypattern.png in Resources */ = {isa = PBXBuildFile; fileRef = E5B1EFB815BB9B930089CC77 /* gplaypattern.png */; };
		E5B1EFCD15BB9B930089CC77 /* green.png in Resources */ = {isa = PBXBuildFile; fileRef = E5B1EFB915BB9B930089CC77 /* green.png */; };
		E5B1EFCE15BB9B930089CC77 /* grey.jpg in Resources */ = {isa = PBXBuildFile; fileRef = E5B1EFBA15BB9B930089CC77 /* grey.jpg */; };
		E5B1EFCF15BB9B930089CC77 /* orange.png in Resources */ = {isa = PBXBuildFile; fileRef = E5B1EFBB15BB9B930089CC77 /* orange.png */; };
		E5B1EFD015BB9B930089CC77 /* p0.png in Resources */ = {isa = PBXBuildFile; fileRef = E5B1EFBC15BB9B930089CC77 /* p0.png */; };
		E5B1EFD115BB9B930089CC77 /* p1.png in Resources */ = {isa = PBXBuildFile; fileRef = E5B1EFBD15BB9B930089CC77 /* p1.png */; };
		E5B1EFD315BB9B930089CC77 /* rebel.png in Resources */ = {isa = PBXBuildFile; fileRef = E5B1EFBF15BB9B930089CC77 /* rebel.png */; };
		E5B1EFD415BB9B930089CC77 /* red.png in Resources */ = {isa = PBXBuildFile; fileRef = E5B1EFC015BB9B930089CC77 /* red.png */; };
		E5B1EFD515BB9B930089CC77 /* wood_pattern.png in Resources */ = {isa = PBXBuildFile; fileRef = E5B1EFC115BB9B930089CC77 /* wood_pattern.png */; };
		E5B1EFD815BB9E020089CC77 /* NavBar.xib in Resources */ = {isa = PBXBuildFile; fileRef = E5B1EFD715BB9E010089CC77 /* NavBar.xib */; };
		E5B1EFE315BBA79B0089CC77 /* UILabelStrikethrough.m in Sources */ = {isa = PBXBuildFile; fileRef = E5B1EFE215BBA79B0089CC77 /* UILabelStrikethrough.m */; };
		E5B1EFE715BBA8960089CC77 /* PromptBox.m in Sources */ = {isa = PBXBuildFile; fileRef = E5B1EFE615BBA8960089CC77 /* PromptBox.m */; };
		E5B1EFEB15BBAA1F0089CC77 /* BadgeLabel.m in Sources */ = {isa = PBXBuildFile; fileRef = E5B1EFEA15BBAA1F0089CC77 /* BadgeLabel.m */; };
		E5B1F01D15BBAB920089CC77 /* icon-check-black.png in Resources */ = {isa = PBXBuildFile; fileRef = E5B1EFED15BBAB920089CC77 /* icon-check-black.png */; };
		E5B1F01E15BBAB920089CC77 /* icon-check-empty-black.png in Resources */ = {isa = PBXBuildFile; fileRef = E5B1EFEE15BBAB920089CC77 /* icon-check-empty-black.png */; };
		E5B1F01F15BBAB920089CC77 /* icon-check-empty-grey.png in Resources */ = {isa = PBXBuildFile; fileRef = E5B1EFEF15BBAB920089CC77 /* icon-check-empty-grey.png */; };
		E5B1F02015BBAB920089CC77 /* icon-check-empty-white.png in Resources */ = {isa = PBXBuildFile; fileRef = E5B1EFF015BBAB920089CC77 /* icon-check-empty-white.png */; };
		E5B1F02115BBAB920089CC77 /* icon-check-grey.png in Resources */ = {isa = PBXBuildFile; fileRef = E5B1EFF115BBAB920089CC77 /* icon-check-grey.png */; };
		E5B1F02215BBAB920089CC77 /* icon-check-white.png in Resources */ = {isa = PBXBuildFile; fileRef = E5B1EFF215BBAB920089CC77 /* icon-check-white.png */; };
		E5B1F02315BBAB920089CC77 /* icon-cog-black.png in Resources */ = {isa = PBXBuildFile; fileRef = E5B1EFF315BBAB920089CC77 /* icon-cog-black.png */; };
		E5B1F02415BBAB920089CC77 /* icon-cog-grey.png in Resources */ = {isa = PBXBuildFile; fileRef = E5B1EFF415BBAB920089CC77 /* icon-cog-grey.png */; };
		E5B1F02515BBAB920089CC77 /* icon-cog-white.png in Resources */ = {isa = PBXBuildFile; fileRef = E5B1EFF515BBAB920089CC77 /* icon-cog-white.png */; };
		E5B1F02615BBAB920089CC77 /* icon-facebook-black.png in Resources */ = {isa = PBXBuildFile; fileRef = E5B1EFF615BBAB920089CC77 /* icon-facebook-black.png */; };
		E5B1F02715BBAB920089CC77 /* icon-facebook-grey.png in Resources */ = {isa = PBXBuildFile; fileRef = E5B1EFF715BBAB920089CC77 /* icon-facebook-grey.png */; };
		E5B1F02815BBAB920089CC77 /* icon-facebook-white.png in Resources */ = {isa = PBXBuildFile; fileRef = E5B1EFF815BBAB920089CC77 /* icon-facebook-white.png */; };
		E5B1F02915BBAB920089CC77 /* icon-group-black.png in Resources */ = {isa = PBXBuildFile; fileRef = E5B1EFF915BBAB920089CC77 /* icon-group-black.png */; };
		E5B1F02A15BBAB920089CC77 /* icon-group-grey.png in Resources */ = {isa = PBXBuildFile; fileRef = E5B1EFFA15BBAB920089CC77 /* icon-group-grey.png */; };
		E5B1F02B15BBAB920089CC77 /* icon-group-white.png in Resources */ = {isa = PBXBuildFile; fileRef = E5B1EFFB15BBAB920089CC77 /* icon-group-white.png */; };
		E5B1F02C15BBAB920089CC77 /* icon-home-black.png in Resources */ = {isa = PBXBuildFile; fileRef = E5B1EFFC15BBAB920089CC77 /* icon-home-black.png */; };
		E5B1F02D15BBAB920089CC77 /* icon-home-grey.png in Resources */ = {isa = PBXBuildFile; fileRef = E5B1EFFD15BBAB920089CC77 /* icon-home-grey.png */; };
		E5B1F02E15BBAB920089CC77 /* icon-home-white.png in Resources */ = {isa = PBXBuildFile; fileRef = E5B1EFFE15BBAB920089CC77 /* icon-home-white.png */; };
		E5B1F02F15BBAB920089CC77 /* icon-inbox-black.png in Resources */ = {isa = PBXBuildFile; fileRef = E5B1EFFF15BBAB920089CC77 /* icon-inbox-black.png */; };
		E5B1F03015BBAB920089CC77 /* icon-inbox-grey.png in Resources */ = {isa = PBXBuildFile; fileRef = E5B1F00015BBAB920089CC77 /* icon-inbox-grey.png */; };
		E5B1F03115BBAB920089CC77 /* icon-inbox-white.png in Resources */ = {isa = PBXBuildFile; fileRef = E5B1F00115BBAB920089CC77 /* icon-inbox-white.png */; };
		E5B1F03215BBAB920089CC77 /* icon-list-ul-black.png in Resources */ = {isa = PBXBuildFile; fileRef = E5B1F00215BBAB920089CC77 /* icon-list-ul-black.png */; };
		E5B1F03315BBAB920089CC77 /* icon-list-ul-grey.png in Resources */ = {isa = PBXBuildFile; fileRef = E5B1F00315BBAB920089CC77 /* icon-list-ul-grey.png */; };
		E5B1F03415BBAB920089CC77 /* icon-list-ul-white.png in Resources */ = {isa = PBXBuildFile; fileRef = E5B1F00415BBAB920089CC77 /* icon-list-ul-white.png */; };
		E5B1F03515BBAB920089CC77 /* icon-pushpin-black.png in Resources */ = {isa = PBXBuildFile; fileRef = E5B1F00515BBAB920089CC77 /* icon-pushpin-black.png */; };
		E5B1F03615BBAB920089CC77 /* icon-pushpin-grey.png in Resources */ = {isa = PBXBuildFile; fileRef = E5B1F00615BBAB920089CC77 /* icon-pushpin-grey.png */; };
		E5B1F03715BBAB920089CC77 /* icon-pushpin-white.png in Resources */ = {isa = PBXBuildFile; fileRef = E5B1F00715BBAB920089CC77 /* icon-pushpin-white.png */; };
		E5B1F03815BBAB920089CC77 /* icon-random-black.png in Resources */ = {isa = PBXBuildFile; fileRef = E5B1F00815BBAB920089CC77 /* icon-random-black.png */; };
		E5B1F03915BBAB920089CC77 /* icon-random-grey.png in Resources */ = {isa = PBXBuildFile; fileRef = E5B1F00915BBAB920089CC77 /* icon-random-grey.png */; };
		E5B1F03A15BBAB920089CC77 /* icon-random-white.png in Resources */ = {isa = PBXBuildFile; fileRef = E5B1F00A15BBAB920089CC77 /* icon-random-white.png */; };
		E5B1F03B15BBAB920089CC77 /* icon-search-black.png in Resources */ = {isa = PBXBuildFile; fileRef = E5B1F00B15BBAB920089CC77 /* icon-search-black.png */; };
		E5B1F03C15BBAB920089CC77 /* icon-search-grey.png in Resources */ = {isa = PBXBuildFile; fileRef = E5B1F00C15BBAB920089CC77 /* icon-search-grey.png */; };
		E5B1F03D15BBAB920089CC77 /* icon-search-white.png in Resources */ = {isa = PBXBuildFile; fileRef = E5B1F00D15BBAB920089CC77 /* icon-search-white.png */; };
		E5B1F03E15BBAB920089CC77 /* icon-sort-black.png in Resources */ = {isa = PBXBuildFile; fileRef = E5B1F00E15BBAB920089CC77 /* icon-sort-black.png */; };
		E5B1F03F15BBAB920089CC77 /* icon-sort-down-black.png in Resources */ = {isa = PBXBuildFile; fileRef = E5B1F00F15BBAB920089CC77 /* icon-sort-down-black.png */; };
		E5B1F04015BBAB920089CC77 /* icon-sort-down-grey.png in Resources */ = {isa = PBXBuildFile; fileRef = E5B1F01015BBAB920089CC77 /* icon-sort-down-grey.png */; };
		E5B1F04115BBAB920089CC77 /* icon-sort-down-white.png in Resources */ = {isa = PBXBuildFile; fileRef = E5B1F01115BBAB920089CC77 /* icon-sort-down-white.png */; };
		E5B1F04215BBAB920089CC77 /* icon-sort-grey.png in Resources */ = {isa = PBXBuildFile; fileRef = E5B1F01215BBAB920089CC77 /* icon-sort-grey.png */; };
		E5B1F04315BBAB920089CC77 /* icon-sort-up-black.png in Resources */ = {isa = PBXBuildFile; fileRef = E5B1F01315BBAB920089CC77 /* icon-sort-up-black.png */; };
		E5B1F04415BBAB920089CC77 /* icon-sort-up-grey.png in Resources */ = {isa = PBXBuildFile; fileRef = E5B1F01415BBAB920089CC77 /* icon-sort-up-grey.png */; };
		E5B1F04515BBAB920089CC77 /* icon-sort-up-white.png in Resources */ = {isa = PBXBuildFile; fileRef = E5B1F01515BBAB920089CC77 /* icon-sort-up-white.png */; };
		E5B1F04615BBAB920089CC77 /* icon-sort-white.png in Resources */ = {isa = PBXBuildFile; fileRef = E5B1F01615BBAB920089CC77 /* icon-sort-white.png */; };
		E5B1F04715BBAB920089CC77 /* icon-twitter-black.png in Resources */ = {isa = PBXBuildFile; fileRef = E5B1F01715BBAB920089CC77 /* icon-twitter-black.png */; };
		E5B1F04815BBAB920089CC77 /* icon-twitter-grey.png in Resources */ = {isa = PBXBuildFile; fileRef = E5B1F01815BBAB920089CC77 /* icon-twitter-grey.png */; };
		E5B1F04915BBAB920089CC77 /* icon-twitter-white.png in Resources */ = {isa = PBXBuildFile; fileRef = E5B1F01915BBAB920089CC77 /* icon-twitter-white.png */; };
		E5B1F04A15BBAB920089CC77 /* icons-black.png in Resources */ = {isa = PBXBuildFile; fileRef = E5B1F01A15BBAB920089CC77 /* icons-black.png */; };
		E5B1F04B15BBAB920089CC77 /* icons-grey.png in Resources */ = {isa = PBXBuildFile; fileRef = E5B1F01B15BBAB920089CC77 /* icons-grey.png */; };
		E5B1F04C15BBAB920089CC77 /* icons-white.png in Resources */ = {isa = PBXBuildFile; fileRef = E5B1F01C15BBAB920089CC77 /* icons-white.png */; };
		E5B1F07115BBC6F00089CC77 /* SignInViewController.m in Sources */ = {isa = PBXBuildFile; fileRef = E5B1F06F15BBC6F00089CC77 /* SignInViewController.m */; };
		E5B1F07215BBC6F00089CC77 /* SignInViewController.xib in Resources */ = {isa = PBXBuildFile; fileRef = E5B1F07015BBC6F00089CC77 /* SignInViewController.xib */; };
		E5B1F07415BBCAA60089CC77 /* splashScreen.png in Resources */ = {isa = PBXBuildFile; fileRef = E5B1F07315BBCAA60089CC77 /* splashScreen.png */; };
		E5B1F08515BBCC760089CC77 /* PromptAPI.m in Sources */ = {isa = PBXBuildFile; fileRef = E5B1F08415BBCC760089CC77 /* PromptAPI.m */; };
/* End PBXBuildFile section */

/* Begin PBXFileReference section */
		775E628BF93D4FDEA52A036E /* Pods.xcconfig */ = {isa = PBXFileReference; includeInIndex = 1; lastKnownFileType = text.xcconfig; name = Pods.xcconfig; path = Pods/Pods.xcconfig; sourceTree = SOURCE_ROOT; };
		B2D7C8B040494DB5B3016DC8 /* libPods.a */ = {isa = PBXFileReference; explicitFileType = archive.ar; includeInIndex = 0; path = libPods.a; sourceTree = BUILT_PRODUCTS_DIR; };
		E5B1EEA515BB526D0089CC77 /* PromptuApp.app */ = {isa = PBXFileReference; explicitFileType = wrapper.application; includeInIndex = 0; path = PromptuApp.app; sourceTree = BUILT_PRODUCTS_DIR; };
		E5B1EEA915BB526D0089CC77 /* UIKit.framework */ = {isa = PBXFileReference; includeInIndex = 1; lastKnownFileType = wrapper.framework; name = UIKit.framework; path = System/Library/Frameworks/UIKit.framework; sourceTree = SDKROOT; };
		E5B1EEAB15BB526D0089CC77 /* Foundation.framework */ = {isa = PBXFileReference; includeInIndex = 1; lastKnownFileType = wrapper.framework; name = Foundation.framework; path = System/Library/Frameworks/Foundation.framework; sourceTree = SDKROOT; };
		E5B1EEAD15BB526D0089CC77 /* CoreGraphics.framework */ = {isa = PBXFileReference; includeInIndex = 1; lastKnownFileType = wrapper.framework; name = CoreGraphics.framework; path = System/Library/Frameworks/CoreGraphics.framework; sourceTree = SDKROOT; };
		E5B1EEB115BB526D0089CC77 /* PromptuApp-Info.plist */ = {isa = PBXFileReference; lastKnownFileType = text.plist.xml; path = "PromptuApp-Info.plist"; sourceTree = "<group>"; };
		E5B1EEB315BB526D0089CC77 /* en */ = {isa = PBXFileReference; lastKnownFileType = text.plist.strings; name = en; path = en.lproj/InfoPlist.strings; sourceTree = "<group>"; };
		E5B1EEB515BB526D0089CC77 /* main.m */ = {isa = PBXFileReference; lastKnownFileType = sourcecode.c.objc; path = main.m; sourceTree = "<group>"; };
		E5B1EEB715BB526D0089CC77 /* PromptuApp-Prefix.pch */ = {isa = PBXFileReference; lastKnownFileType = sourcecode.c.h; path = "PromptuApp-Prefix.pch"; sourceTree = "<group>"; };
		E5B1EEB815BB526D0089CC77 /* AppDelegate.h */ = {isa = PBXFileReference; lastKnownFileType = sourcecode.c.h; path = AppDelegate.h; sourceTree = "<group>"; };
		E5B1EEB915BB526D0089CC77 /* AppDelegate.m */ = {isa = PBXFileReference; lastKnownFileType = sourcecode.c.objc; path = AppDelegate.m; sourceTree = "<group>"; };
		E5B1EEBB15BB526D0089CC77 /* ViewController.h */ = {isa = PBXFileReference; lastKnownFileType = sourcecode.c.h; path = ViewController.h; sourceTree = "<group>"; };
		E5B1EEBC15BB526D0089CC77 /* ViewController.m */ = {isa = PBXFileReference; lastKnownFileType = sourcecode.c.objc; path = ViewController.m; sourceTree = "<group>"; };
		E5B1EEBF15BB526D0089CC77 /* en */ = {isa = PBXFileReference; lastKnownFileType = file.xib; name = en; path = en.lproj/ViewController.xib; sourceTree = "<group>"; };
		E5B1EEDB15BB5D860089CC77 /* ZUUIRevealController.h */ = {isa = PBXFileReference; fileEncoding = 4; lastKnownFileType = sourcecode.c.h; path = ZUUIRevealController.h; sourceTree = "<group>"; };
		E5B1EEDC15BB5D860089CC77 /* ZUUIRevealController.m */ = {isa = PBXFileReference; fileEncoding = 4; lastKnownFileType = sourcecode.c.objc; path = ZUUIRevealController.m; sourceTree = "<group>"; };
		E5B1EEDF15BB5DAF0089CC77 /* Constants.h */ = {isa = PBXFileReference; fileEncoding = 4; lastKnownFileType = sourcecode.c.h; path = Constants.h; sourceTree = "<group>"; };
		E5B1EEE715BB5FD60089CC77 /* RevealController.h */ = {isa = PBXFileReference; fileEncoding = 4; lastKnownFileType = sourcecode.c.h; path = RevealController.h; sourceTree = "<group>"; };
		E5B1EEE815BB5FD60089CC77 /* RevealController.m */ = {isa = PBXFileReference; fileEncoding = 4; lastKnownFileType = sourcecode.c.objc; path = RevealController.m; sourceTree = "<group>"; };
		E5B1EEEA15BB61830089CC77 /* Prompt.h */ = {isa = PBXFileReference; fileEncoding = 4; lastKnownFileType = sourcecode.c.h; path = Prompt.h; sourceTree = "<group>"; };
		E5B1EEEB15BB61830089CC77 /* Prompt.m */ = {isa = PBXFileReference; fileEncoding = 4; lastKnownFileType = sourcecode.c.objc; path = Prompt.m; sourceTree = "<group>"; };
		E5B1EEED15BB62810089CC77 /* PromptCenter.h */ = {isa = PBXFileReference; fileEncoding = 4; lastKnownFileType = sourcecode.c.h; path = PromptCenter.h; sourceTree = "<group>"; };
		E5B1EEEE15BB62810089CC77 /* PromptCenter.m */ = {isa = PBXFileReference; fileEncoding = 4; lastKnownFileType = sourcecode.c.objc; path = PromptCenter.m; sourceTree = "<group>"; };
		E5B1EEF015BB62B10089CC77 /* Singleton.h */ = {isa = PBXFileReference; fileEncoding = 4; lastKnownFileType = sourcecode.c.h; path = Singleton.h; sourceTree = "<group>"; };
		E5B1EEF115BB62B10089CC77 /* Singleton.m */ = {isa = PBXFileReference; fileEncoding = 4; lastKnownFileType = sourcecode.c.objc; path = Singleton.m; sourceTree = "<group>"; };
		E5B1EEF415BB66150089CC77 /* DACircularProgressView.h */ = {isa = PBXFileReference; fileEncoding = 4; lastKnownFileType = sourcecode.c.h; path = DACircularProgressView.h; sourceTree = "<group>"; };
		E5B1EEF515BB66150089CC77 /* DACircularProgressView.m */ = {isa = PBXFileReference; fileEncoding = 4; lastKnownFileType = sourcecode.c.objc; path = DACircularProgressView.m; sourceTree = "<group>"; };
		E5B1EEF715BB66160089CC77 /* EGORefreshTableHeaderView.h */ = {isa = PBXFileReference; fileEncoding = 4; lastKnownFileType = sourcecode.c.h; path = EGORefreshTableHeaderView.h; sourceTree = "<group>"; };
		E5B1EEF815BB66160089CC77 /* EGORefreshTableHeaderView.m */ = {isa = PBXFileReference; fileEncoding = 4; lastKnownFileType = sourcecode.c.objc; path = EGORefreshTableHeaderView.m; sourceTree = "<group>"; };
		E5B1EF0015BB6D350089CC77 /* MGBox.h */ = {isa = PBXFileReference; fileEncoding = 4; lastKnownFileType = sourcecode.c.h; path = MGBox.h; sourceTree = "<group>"; };
		E5B1EF0115BB6D350089CC77 /* MGBox.m */ = {isa = PBXFileReference; fileEncoding = 4; lastKnownFileType = sourcecode.c.objc; path = MGBox.m; sourceTree = "<group>"; };
		E5B1EF0215BB6D350089CC77 /* MGBoxLine.h */ = {isa = PBXFileReference; fileEncoding = 4; lastKnownFileType = sourcecode.c.h; path = MGBoxLine.h; sourceTree = "<group>"; };
		E5B1EF0315BB6D350089CC77 /* MGBoxLine.m */ = {isa = PBXFileReference; fileEncoding = 4; lastKnownFileType = sourcecode.c.objc; path = MGBoxLine.m; sourceTree = "<group>"; };
		E5B1EF0415BB6D350089CC77 /* MGBoxProtocol.h */ = {isa = PBXFileReference; fileEncoding = 4; lastKnownFileType = sourcecode.c.h; path = MGBoxProtocol.h; sourceTree = "<group>"; };
		E5B1EF0515BB6D350089CC77 /* MGButton.h */ = {isa = PBXFileReference; fileEncoding = 4; lastKnownFileType = sourcecode.c.h; path = MGButton.h; sourceTree = "<group>"; };
		E5B1EF0615BB6D350089CC77 /* MGButton.m */ = {isa = PBXFileReference; fileEncoding = 4; lastKnownFileType = sourcecode.c.objc; path = MGButton.m; sourceTree = "<group>"; };
		E5B1EF0715BB6D350089CC77 /* MGScrollView.h */ = {isa = PBXFileReference; fileEncoding = 4; lastKnownFileType = sourcecode.c.h; path = MGScrollView.h; sourceTree = "<group>"; };
		E5B1EF0815BB6D350089CC77 /* MGScrollView.m */ = {isa = PBXFileReference; fileEncoding = 4; lastKnownFileType = sourcecode.c.objc; path = MGScrollView.m; sourceTree = "<group>"; };
		E5B1EF0915BB6D350089CC77 /* MGStyledBox.h */ = {isa = PBXFileReference; fileEncoding = 4; lastKnownFileType = sourcecode.c.h; path = MGStyledBox.h; sourceTree = "<group>"; };
		E5B1EF0A15BB6D350089CC77 /* MGStyledBox.m */ = {isa = PBXFileReference; fileEncoding = 4; lastKnownFileType = sourcecode.c.objc; path = MGStyledBox.m; sourceTree = "<group>"; };
		E5B1EF0C15BB6D350089CC77 /* PrettyToolbar.h */ = {isa = PBXFileReference; fileEncoding = 4; lastKnownFileType = sourcecode.c.h; path = PrettyToolbar.h; sourceTree = "<group>"; };
		E5B1EF0D15BB6D350089CC77 /* PrettyToolbar.m */ = {isa = PBXFileReference; fileEncoding = 4; lastKnownFileType = sourcecode.c.objc; path = PrettyToolbar.m; sourceTree = "<group>"; };
		E5B1EF1515BB6D540089CC77 /* QuartzCore.framework */ = {isa = PBXFileReference; lastKnownFileType = wrapper.framework; name = QuartzCore.framework; path = System/Library/Frameworks/QuartzCore.framework; sourceTree = SDKROOT; };
		E5B1EF1815BB6EED0089CC77 /* RefreshViewController.h */ = {isa = PBXFileReference; fileEncoding = 4; lastKnownFileType = sourcecode.c.h; path = RefreshViewController.h; sourceTree = "<group>"; };
		E5B1EF1915BB6EED0089CC77 /* RefreshViewController.m */ = {isa = PBXFileReference; fileEncoding = 4; lastKnownFileType = sourcecode.c.objc; path = RefreshViewController.m; sourceTree = "<group>"; };
		E5B1EF1C15BB70700089CC77 /* UIColor+CreateMethods.h */ = {isa = PBXFileReference; fileEncoding = 4; lastKnownFileType = sourcecode.c.h; path = "UIColor+CreateMethods.h"; sourceTree = "<group>"; };
		E5B1EF1D15BB70700089CC77 /* UIColor+CreateMethods.m */ = {isa = PBXFileReference; fileEncoding = 4; lastKnownFileType = sourcecode.c.objc; path = "UIColor+CreateMethods.m"; sourceTree = "<group>"; };
		E5B1EF2E15BB7FC90089CC77 /* NSString+Helper.h */ = {isa = PBXFileReference; fileEncoding = 4; lastKnownFileType = sourcecode.c.h; path = "NSString+Helper.h"; sourceTree = "<group>"; };
		E5B1EF2F15BB7FC90089CC77 /* NSString+Helper.m */ = {isa = PBXFileReference; fileEncoding = 4; lastKnownFileType = sourcecode.c.objc; path = "NSString+Helper.m"; sourceTree = "<group>"; };
		E5B1EF3215BB7FD80089CC77 /* NSData+Helper.h */ = {isa = PBXFileReference; fileEncoding = 4; lastKnownFileType = sourcecode.c.h; path = "NSData+Helper.h"; sourceTree = "<group>"; };
		E5B1EF3315BB7FD80089CC77 /* NSData+Helper.m */ = {isa = PBXFileReference; fileEncoding = 4; lastKnownFileType = sourcecode.c.objc; path = "NSData+Helper.m"; sourceTree = "<group>"; };
		E5B1EF3515BB807A0089CC77 /* MenuViewController.h */ = {isa = PBXFileReference; fileEncoding = 4; lastKnownFileType = sourcecode.c.h; path = MenuViewController.h; sourceTree = "<group>"; };
		E5B1EF3615BB807A0089CC77 /* MenuViewController.m */ = {isa = PBXFileReference; fileEncoding = 4; lastKnownFileType = sourcecode.c.objc; path = MenuViewController.m; sourceTree = "<group>"; };
		E5B1EF3715BB807A0089CC77 /* MenuViewController.xib */ = {isa = PBXFileReference; fileEncoding = 4; lastKnownFileType = file.xib; path = MenuViewController.xib; sourceTree = "<group>"; };
		E5B1EF3A15BB812F0089CC77 /* PromptViewController.h */ = {isa = PBXFileReference; fileEncoding = 4; lastKnownFileType = sourcecode.c.h; path = PromptViewController.h; sourceTree = "<group>"; };
		E5B1EF3B15BB812F0089CC77 /* PromptViewController.m */ = {isa = PBXFileReference; fileEncoding = 4; lastKnownFileType = sourcecode.c.objc; path = PromptViewController.m; sourceTree = "<group>"; };
		E5B1EF3C15BB812F0089CC77 /* PromptViewController.xib */ = {isa = PBXFileReference; fileEncoding = 4; lastKnownFileType = file.xib; path = PromptViewController.xib; sourceTree = "<group>"; };
		E5B1EFAE15BB9B930089CC77 /* arrow.png */ = {isa = PBXFileReference; lastKnownFileType = image.png; path = arrow.png; sourceTree = "<group>"; };
		E5B1EFAF15BB9B930089CC77 /* background.png */ = {isa = PBXFileReference; lastKnownFileType = image.png; path = background.png; sourceTree = "<group>"; };
		E5B1EFB015BB9B930089CC77 /* background@2x.png */ = {isa = PBXFileReference; lastKnownFileType = image.png; path = "background@2x.png"; sourceTree = "<group>"; };
		E5B1EFB115BB9B930089CC77 /* blackArrow.png */ = {isa = PBXFileReference; lastKnownFileType = image.png; path = blackArrow.png; sourceTree = "<group>"; };
		E5B1EFB215BB9B930089CC77 /* blackArrow@2x.png */ = {isa = PBXFileReference; lastKnownFileType = image.png; path = "blackArrow@2x.png"; sourceTree = "<group>"; };
		E5B1EFB315BB9B930089CC77 /* blueArrow.png */ = {isa = PBXFileReference; lastKnownFileType = image.png; path = blueArrow.png; sourceTree = "<group>"; };
		E5B1EFB415BB9B930089CC77 /* blueArrow@2x.png */ = {isa = PBXFileReference; lastKnownFileType = image.png; path = "blueArrow@2x.png"; sourceTree = "<group>"; };
		E5B1EFB515BB9B930089CC77 /* ButtonMenu.png */ = {isa = PBXFileReference; lastKnownFileType = image.png; path = ButtonMenu.png; sourceTree = "<group>"; };
		E5B1EFB615BB9B930089CC77 /* ButtonMenu@2x.png */ = {isa = PBXFileReference; lastKnownFileType = image.png; path = "ButtonMenu@2x.png"; sourceTree = "<group>"; };
		E5B1EFB715BB9B930089CC77 /* dirty_old_shirt.png */ = {isa = PBXFileReference; lastKnownFileType = image.png; path = dirty_old_shirt.png; sourceTree = "<group>"; };
		E5B1EFB815BB9B930089CC77 /* gplaypattern.png */ = {isa = PBXFileReference; lastKnownFileType = image.png; path = gplaypattern.png; sourceTree = "<group>"; };
		E5B1EFB915BB9B930089CC77 /* green.png */ = {isa = PBXFileReference; lastKnownFileType = image.png; path = green.png; sourceTree = "<group>"; };
		E5B1EFBA15BB9B930089CC77 /* grey.jpg */ = {isa = PBXFileReference; lastKnownFileType = image.jpeg; path = grey.jpg; sourceTree = "<group>"; };
		E5B1EFBB15BB9B930089CC77 /* orange.png */ = {isa = PBXFileReference; lastKnownFileType = image.png; path = orange.png; sourceTree = "<group>"; };
		E5B1EFBC15BB9B930089CC77 /* p0.png */ = {isa = PBXFileReference; lastKnownFileType = image.png; path = p0.png; sourceTree = "<group>"; };
		E5B1EFBD15BB9B930089CC77 /* p1.png */ = {isa = PBXFileReference; lastKnownFileType = image.png; path = p1.png; sourceTree = "<group>"; };
		E5B1EFBF15BB9B930089CC77 /* rebel.png */ = {isa = PBXFileReference; lastKnownFileType = image.png; path = rebel.png; sourceTree = "<group>"; };
		E5B1EFC015BB9B930089CC77 /* red.png */ = {isa = PBXFileReference; lastKnownFileType = image.png; path = red.png; sourceTree = "<group>"; };
		E5B1EFC115BB9B930089CC77 /* wood_pattern.png */ = {isa = PBXFileReference; lastKnownFileType = image.png; path = wood_pattern.png; sourceTree = "<group>"; };
		E5B1EFD715BB9E010089CC77 /* NavBar.xib */ = {isa = PBXFileReference; fileEncoding = 4; lastKnownFileType = file.xib; path = NavBar.xib; sourceTree = "<group>"; };
		E5B1EFE115BBA79B0089CC77 /* UILabelStrikethrough.h */ = {isa = PBXFileReference; fileEncoding = 4; lastKnownFileType = sourcecode.c.h; path = UILabelStrikethrough.h; sourceTree = "<group>"; };
		E5B1EFE215BBA79B0089CC77 /* UILabelStrikethrough.m */ = {isa = PBXFileReference; fileEncoding = 4; lastKnownFileType = sourcecode.c.objc; path = UILabelStrikethrough.m; sourceTree = "<group>"; };
		E5B1EFE515BBA8960089CC77 /* PromptBox.h */ = {isa = PBXFileReference; fileEncoding = 4; lastKnownFileType = sourcecode.c.h; path = PromptBox.h; sourceTree = "<group>"; };
		E5B1EFE615BBA8960089CC77 /* PromptBox.m */ = {isa = PBXFileReference; fileEncoding = 4; lastKnownFileType = sourcecode.c.objc; path = PromptBox.m; sourceTree = "<group>"; };
		E5B1EFE915BBAA1F0089CC77 /* BadgeLabel.h */ = {isa = PBXFileReference; fileEncoding = 4; lastKnownFileType = sourcecode.c.h; path = BadgeLabel.h; sourceTree = "<group>"; };
		E5B1EFEA15BBAA1F0089CC77 /* BadgeLabel.m */ = {isa = PBXFileReference; fileEncoding = 4; lastKnownFileType = sourcecode.c.objc; path = BadgeLabel.m; sourceTree = "<group>"; };
		E5B1EFED15BBAB920089CC77 /* icon-check-black.png */ = {isa = PBXFileReference; lastKnownFileType = image.png; path = "icon-check-black.png"; sourceTree = "<group>"; };
		E5B1EFEE15BBAB920089CC77 /* icon-check-empty-black.png */ = {isa = PBXFileReference; lastKnownFileType = image.png; path = "icon-check-empty-black.png"; sourceTree = "<group>"; };
		E5B1EFEF15BBAB920089CC77 /* icon-check-empty-grey.png */ = {isa = PBXFileReference; lastKnownFileType = image.png; path = "icon-check-empty-grey.png"; sourceTree = "<group>"; };
		E5B1EFF015BBAB920089CC77 /* icon-check-empty-white.png */ = {isa = PBXFileReference; lastKnownFileType = image.png; path = "icon-check-empty-white.png"; sourceTree = "<group>"; };
		E5B1EFF115BBAB920089CC77 /* icon-check-grey.png */ = {isa = PBXFileReference; lastKnownFileType = image.png; path = "icon-check-grey.png"; sourceTree = "<group>"; };
		E5B1EFF215BBAB920089CC77 /* icon-check-white.png */ = {isa = PBXFileReference; lastKnownFileType = image.png; path = "icon-check-white.png"; sourceTree = "<group>"; };
		E5B1EFF315BBAB920089CC77 /* icon-cog-black.png */ = {isa = PBXFileReference; lastKnownFileType = image.png; path = "icon-cog-black.png"; sourceTree = "<group>"; };
		E5B1EFF415BBAB920089CC77 /* icon-cog-grey.png */ = {isa = PBXFileReference; lastKnownFileType = image.png; path = "icon-cog-grey.png"; sourceTree = "<group>"; };
		E5B1EFF515BBAB920089CC77 /* icon-cog-white.png */ = {isa = PBXFileReference; lastKnownFileType = image.png; path = "icon-cog-white.png"; sourceTree = "<group>"; };
		E5B1EFF615BBAB920089CC77 /* icon-facebook-black.png */ = {isa = PBXFileReference; lastKnownFileType = image.png; path = "icon-facebook-black.png"; sourceTree = "<group>"; };
		E5B1EFF715BBAB920089CC77 /* icon-facebook-grey.png */ = {isa = PBXFileReference; lastKnownFileType = image.png; path = "icon-facebook-grey.png"; sourceTree = "<group>"; };
		E5B1EFF815BBAB920089CC77 /* icon-facebook-white.png */ = {isa = PBXFileReference; lastKnownFileType = image.png; path = "icon-facebook-white.png"; sourceTree = "<group>"; };
		E5B1EFF915BBAB920089CC77 /* icon-group-black.png */ = {isa = PBXFileReference; lastKnownFileType = image.png; path = "icon-group-black.png"; sourceTree = "<group>"; };
		E5B1EFFA15BBAB920089CC77 /* icon-group-grey.png */ = {isa = PBXFileReference; lastKnownFileType = image.png; path = "icon-group-grey.png"; sourceTree = "<group>"; };
		E5B1EFFB15BBAB920089CC77 /* icon-group-white.png */ = {isa = PBXFileReference; lastKnownFileType = image.png; path = "icon-group-white.png"; sourceTree = "<group>"; };
		E5B1EFFC15BBAB920089CC77 /* icon-home-black.png */ = {isa = PBXFileReference; lastKnownFileType = image.png; path = "icon-home-black.png"; sourceTree = "<group>"; };
		E5B1EFFD15BBAB920089CC77 /* icon-home-grey.png */ = {isa = PBXFileReference; lastKnownFileType = image.png; path = "icon-home-grey.png"; sourceTree = "<group>"; };
		E5B1EFFE15BBAB920089CC77 /* icon-home-white.png */ = {isa = PBXFileReference; lastKnownFileType = image.png; path = "icon-home-white.png"; sourceTree = "<group>"; };
		E5B1EFFF15BBAB920089CC77 /* icon-inbox-black.png */ = {isa = PBXFileReference; lastKnownFileType = image.png; path = "icon-inbox-black.png"; sourceTree = "<group>"; };
		E5B1F00015BBAB920089CC77 /* icon-inbox-grey.png */ = {isa = PBXFileReference; lastKnownFileType = image.png; path = "icon-inbox-grey.png"; sourceTree = "<group>"; };
		E5B1F00115BBAB920089CC77 /* icon-inbox-white.png */ = {isa = PBXFileReference; lastKnownFileType = image.png; path = "icon-inbox-white.png"; sourceTree = "<group>"; };
		E5B1F00215BBAB920089CC77 /* icon-list-ul-black.png */ = {isa = PBXFileReference; lastKnownFileType = image.png; path = "icon-list-ul-black.png"; sourceTree = "<group>"; };
		E5B1F00315BBAB920089CC77 /* icon-list-ul-grey.png */ = {isa = PBXFileReference; lastKnownFileType = image.png; path = "icon-list-ul-grey.png"; sourceTree = "<group>"; };
		E5B1F00415BBAB920089CC77 /* icon-list-ul-white.png */ = {isa = PBXFileReference; lastKnownFileType = image.png; path = "icon-list-ul-white.png"; sourceTree = "<group>"; };
		E5B1F00515BBAB920089CC77 /* icon-pushpin-black.png */ = {isa = PBXFileReference; lastKnownFileType = image.png; path = "icon-pushpin-black.png"; sourceTree = "<group>"; };
		E5B1F00615BBAB920089CC77 /* icon-pushpin-grey.png */ = {isa = PBXFileReference; lastKnownFileType = image.png; path = "icon-pushpin-grey.png"; sourceTree = "<group>"; };
		E5B1F00715BBAB920089CC77 /* icon-pushpin-white.png */ = {isa = PBXFileReference; lastKnownFileType = image.png; path = "icon-pushpin-white.png"; sourceTree = "<group>"; };
		E5B1F00815BBAB920089CC77 /* icon-random-black.png */ = {isa = PBXFileReference; lastKnownFileType = image.png; path = "icon-random-black.png"; sourceTree = "<group>"; };
		E5B1F00915BBAB920089CC77 /* icon-random-grey.png */ = {isa = PBXFileReference; lastKnownFileType = image.png; path = "icon-random-grey.png"; sourceTree = "<group>"; };
		E5B1F00A15BBAB920089CC77 /* icon-random-white.png */ = {isa = PBXFileReference; lastKnownFileType = image.png; path = "icon-random-white.png"; sourceTree = "<group>"; };
		E5B1F00B15BBAB920089CC77 /* icon-search-black.png */ = {isa = PBXFileReference; lastKnownFileType = image.png; path = "icon-search-black.png"; sourceTree = "<group>"; };
		E5B1F00C15BBAB920089CC77 /* icon-search-grey.png */ = {isa = PBXFileReference; lastKnownFileType = image.png; path = "icon-search-grey.png"; sourceTree = "<group>"; };
		E5B1F00D15BBAB920089CC77 /* icon-search-white.png */ = {isa = PBXFileReference; lastKnownFileType = image.png; path = "icon-search-white.png"; sourceTree = "<group>"; };
		E5B1F00E15BBAB920089CC77 /* icon-sort-black.png */ = {isa = PBXFileReference; lastKnownFileType = image.png; path = "icon-sort-black.png"; sourceTree = "<group>"; };
		E5B1F00F15BBAB920089CC77 /* icon-sort-down-black.png */ = {isa = PBXFileReference; lastKnownFileType = image.png; path = "icon-sort-down-black.png"; sourceTree = "<group>"; };
		E5B1F01015BBAB920089CC77 /* icon-sort-down-grey.png */ = {isa = PBXFileReference; lastKnownFileType = image.png; path = "icon-sort-down-grey.png"; sourceTree = "<group>"; };
		E5B1F01115BBAB920089CC77 /* icon-sort-down-white.png */ = {isa = PBXFileReference; lastKnownFileType = image.png; path = "icon-sort-down-white.png"; sourceTree = "<group>"; };
		E5B1F01215BBAB920089CC77 /* icon-sort-grey.png */ = {isa = PBXFileReference; lastKnownFileType = image.png; path = "icon-sort-grey.png"; sourceTree = "<group>"; };
		E5B1F01315BBAB920089CC77 /* icon-sort-up-black.png */ = {isa = PBXFileReference; lastKnownFileType = image.png; path = "icon-sort-up-black.png"; sourceTree = "<group>"; };
		E5B1F01415BBAB920089CC77 /* icon-sort-up-grey.png */ = {isa = PBXFileReference; lastKnownFileType = image.png; path = "icon-sort-up-grey.png"; sourceTree = "<group>"; };
		E5B1F01515BBAB920089CC77 /* icon-sort-up-white.png */ = {isa = PBXFileReference; lastKnownFileType = image.png; path = "icon-sort-up-white.png"; sourceTree = "<group>"; };
		E5B1F01615BBAB920089CC77 /* icon-sort-white.png */ = {isa = PBXFileReference; lastKnownFileType = image.png; path = "icon-sort-white.png"; sourceTree = "<group>"; };
		E5B1F01715BBAB920089CC77 /* icon-twitter-black.png */ = {isa = PBXFileReference; lastKnownFileType = image.png; path = "icon-twitter-black.png"; sourceTree = "<group>"; };
		E5B1F01815BBAB920089CC77 /* icon-twitter-grey.png */ = {isa = PBXFileReference; lastKnownFileType = image.png; path = "icon-twitter-grey.png"; sourceTree = "<group>"; };
		E5B1F01915BBAB920089CC77 /* icon-twitter-white.png */ = {isa = PBXFileReference; lastKnownFileType = image.png; path = "icon-twitter-white.png"; sourceTree = "<group>"; };
		E5B1F01A15BBAB920089CC77 /* icons-black.png */ = {isa = PBXFileReference; lastKnownFileType = image.png; path = "icons-black.png"; sourceTree = "<group>"; };
		E5B1F01B15BBAB920089CC77 /* icons-grey.png */ = {isa = PBXFileReference; lastKnownFileType = image.png; path = "icons-grey.png"; sourceTree = "<group>"; };
		E5B1F01C15BBAB920089CC77 /* icons-white.png */ = {isa = PBXFileReference; lastKnownFileType = image.png; path = "icons-white.png"; sourceTree = "<group>"; };
		E5B1F06E15BBC6F00089CC77 /* SignInViewController.h */ = {isa = PBXFileReference; fileEncoding = 4; lastKnownFileType = sourcecode.c.h; path = SignInViewController.h; sourceTree = "<group>"; };
		E5B1F06F15BBC6F00089CC77 /* SignInViewController.m */ = {isa = PBXFileReference; fileEncoding = 4; lastKnownFileType = sourcecode.c.objc; path = SignInViewController.m; sourceTree = "<group>"; };
		E5B1F07015BBC6F00089CC77 /* SignInViewController.xib */ = {isa = PBXFileReference; fileEncoding = 4; lastKnownFileType = file.xib; path = SignInViewController.xib; sourceTree = "<group>"; };
		E5B1F07315BBCAA60089CC77 /* splashScreen.png */ = {isa = PBXFileReference; lastKnownFileType = image.png; path = splashScreen.png; sourceTree = "<group>"; };
		E5B1F08315BBCC760089CC77 /* PromptAPI.h */ = {isa = PBXFileReference; fileEncoding = 4; lastKnownFileType = sourcecode.c.h; path = PromptAPI.h; sourceTree = "<group>"; };
		E5B1F08415BBCC760089CC77 /* PromptAPI.m */ = {isa = PBXFileReference; fileEncoding = 4; lastKnownFileType = sourcecode.c.objc; path = PromptAPI.m; sourceTree = "<group>"; };
/* End PBXFileReference section */

/* Begin PBXFrameworksBuildPhase section */
		E5B1EEA215BB526D0089CC77 /* Frameworks */ = {
			isa = PBXFrameworksBuildPhase;
			buildActionMask = 2147483647;
			files = (
				E5B1EF1615BB6D540089CC77 /* QuartzCore.framework in Frameworks */,
				E5B1EEAA15BB526D0089CC77 /* UIKit.framework in Frameworks */,
				E5B1EEAC15BB526D0089CC77 /* Foundation.framework in Frameworks */,
				E5B1EEAE15BB526D0089CC77 /* CoreGraphics.framework in Frameworks */,
				87D42EFEFC64418793F2F580 /* libPods.a in Frameworks */,
			);
			runOnlyForDeploymentPostprocessing = 0;
		};
/* End PBXFrameworksBuildPhase section */

/* Begin PBXGroup section */
		E5B1EE9A15BB526D0089CC77 = {
			isa = PBXGroup;
			children = (
				E5B1EEAF15BB526D0089CC77 /* PromptuApp */,
				E5B1EEA815BB526D0089CC77 /* Frameworks */,
				E5B1EEA615BB526D0089CC77 /* Products */,
				E5B1EED915BB5D860089CC77 /* Libraries */,
				E5B1EFAD15BB9B930089CC77 /* Resources */,
				775E628BF93D4FDEA52A036E /* Pods.xcconfig */,
			);
			sourceTree = "<group>";
		};
		E5B1EEA615BB526D0089CC77 /* Products */ = {
			isa = PBXGroup;
			children = (
				E5B1EEA515BB526D0089CC77 /* PromptuApp.app */,
			);
			name = Products;
			sourceTree = "<group>";
		};
		E5B1EEA815BB526D0089CC77 /* Frameworks */ = {
			isa = PBXGroup;
			children = (
				E5B1EF1515BB6D540089CC77 /* QuartzCore.framework */,
				E5B1EEA915BB526D0089CC77 /* UIKit.framework */,
				E5B1EEAB15BB526D0089CC77 /* Foundation.framework */,
				E5B1EEAD15BB526D0089CC77 /* CoreGraphics.framework */,
				B2D7C8B040494DB5B3016DC8 /* libPods.a */,
			);
			name = Frameworks;
			sourceTree = "<group>";
		};
		E5B1EEAF15BB526D0089CC77 /* PromptuApp */ = {
			isa = PBXGroup;
			children = (
				E5B1EFD615BB9D2F0089CC77 /* Boxes */,
				E5B1EEE515BB5ECA0089CC77 /* Util */,
				E5B1EEE415BB5EB90089CC77 /* Centers */,
				E5B1EEE615BB5F770089CC77 /* API */,
				E5B1EEE315BB5EAD0089CC77 /* ViewControllers */,
				E5B1EEE215BB5EA60089CC77 /* Models */,
				E5B1EEB015BB526D0089CC77 /* Supporting Files */,
				E5B1EEDF15BB5DAF0089CC77 /* Constants.h */,
				E5B1EEB815BB526D0089CC77 /* AppDelegate.h */,
				E5B1EEB915BB526D0089CC77 /* AppDelegate.m */,
				E5B1EEBB15BB526D0089CC77 /* ViewController.h */,
				E5B1EEBC15BB526D0089CC77 /* ViewController.m */,
				E5B1EEBE15BB526D0089CC77 /* ViewController.xib */,
			);
			path = PromptuApp;
			sourceTree = "<group>";
		};
		E5B1EEB015BB526D0089CC77 /* Supporting Files */ = {
			isa = PBXGroup;
			children = (
				E5B1EEB115BB526D0089CC77 /* PromptuApp-Info.plist */,
				E5B1EEB215BB526D0089CC77 /* InfoPlist.strings */,
				E5B1EEB515BB526D0089CC77 /* main.m */,
				E5B1EEB715BB526D0089CC77 /* PromptuApp-Prefix.pch */,
			);
			name = "Supporting Files";
			sourceTree = "<group>";
		};
		E5B1EED915BB5D860089CC77 /* Libraries */ = {
			isa = PBXGroup;
			children = (
				E5B1EFE815BBAA1F0089CC77 /* iphone-libs */,
				E5B1EEFF15BB6D350089CC77 /* MGBox */,
				E5B1EF0B15BB6D350089CC77 /* PrettyKit */,
				E5B1EEF315BB66150089CC77 /* DACircularProgress */,
				E5B1EEF615BB66150089CC77 /* IOSBoilerplate */,
				E5B1EEDA15BB5D860089CC77 /* ZUUIRevealController */,
			);
			path = Libraries;
			sourceTree = "<group>";
		};
		E5B1EEDA15BB5D860089CC77 /* ZUUIRevealController */ = {
			isa = PBXGroup;
			children = (
				E5B1EEDB15BB5D860089CC77 /* ZUUIRevealController.h */,
				E5B1EEDC15BB5D860089CC77 /* ZUUIRevealController.m */,
			);
			path = ZUUIRevealController;
			sourceTree = "<group>";
		};
		E5B1EEE215BB5EA60089CC77 /* Models */ = {
			isa = PBXGroup;
			children = (
				E5B1EEEA15BB61830089CC77 /* Prompt.h */,
				E5B1EEEB15BB61830089CC77 /* Prompt.m */,
			);
			name = Models;
			sourceTree = "<group>";
		};
		E5B1EEE315BB5EAD0089CC77 /* ViewControllers */ = {
			isa = PBXGroup;
			children = (
				E5B1EFD715BB9E010089CC77 /* NavBar.xib */,
				E5B1EEE715BB5FD60089CC77 /* RevealController.h */,
				E5B1EF1815BB6EED0089CC77 /* RefreshViewController.h */,
				E5B1EEE815BB5FD60089CC77 /* RevealController.m */,
				E5B1EF1915BB6EED0089CC77 /* RefreshViewController.m */,
				E5B1EF3515BB807A0089CC77 /* MenuViewController.h */,
				E5B1EF3615BB807A0089CC77 /* MenuViewController.m */,
				E5B1EF3715BB807A0089CC77 /* MenuViewController.xib */,
				E5B1EF3A15BB812F0089CC77 /* PromptViewController.h */,
				E5B1EF3B15BB812F0089CC77 /* PromptViewController.m */,
				E5B1EF3C15BB812F0089CC77 /* PromptViewController.xib */,
				E5B1F06E15BBC6F00089CC77 /* SignInViewController.h */,
				E5B1F06F15BBC6F00089CC77 /* SignInViewController.m */,
				E5B1F07015BBC6F00089CC77 /* SignInViewController.xib */,
			);
			name = ViewControllers;
			sourceTree = "<group>";
		};
		E5B1EEE415BB5EB90089CC77 /* Centers */ = {
			isa = PBXGroup;
			children = (
				E5B1EEED15BB62810089CC77 /* PromptCenter.h */,
				E5B1EEEE15BB62810089CC77 /* PromptCenter.m */,
			);
			name = Centers;
			sourceTree = "<group>";
		};
		E5B1EEE515BB5ECA0089CC77 /* Util */ = {
			isa = PBXGroup;
			children = (
				E5B1EEF015BB62B10089CC77 /* Singleton.h */,
				E5B1EEF115BB62B10089CC77 /* Singleton.m */,
				E5B1EF1C15BB70700089CC77 /* UIColor+CreateMethods.h */,
				E5B1EF2E15BB7FC90089CC77 /* NSString+Helper.h */,
				E5B1EF3215BB7FD80089CC77 /* NSData+Helper.h */,
				E5B1EF1D15BB70700089CC77 /* UIColor+CreateMethods.m */,
				E5B1EF2F15BB7FC90089CC77 /* NSString+Helper.m */,
				E5B1EF3315BB7FD80089CC77 /* NSData+Helper.m */,
				E5B1EFE115BBA79B0089CC77 /* UILabelStrikethrough.h */,
				E5B1EFE215BBA79B0089CC77 /* UILabelStrikethrough.m */,
			);
			name = Util;
			sourceTree = "<group>";
		};
		E5B1EEE615BB5F770089CC77 /* API */ = {
			isa = PBXGroup;
			children = (
				E5B1F08315BBCC760089CC77 /* PromptAPI.h */,
				E5B1F08415BBCC760089CC77 /* PromptAPI.m */,
			);
			name = API;
			sourceTree = "<group>";
		};
		E5B1EEF315BB66150089CC77 /* DACircularProgress */ = {
			isa = PBXGroup;
			children = (
				E5B1EEF415BB66150089CC77 /* DACircularProgressView.h */,
				E5B1EEF515BB66150089CC77 /* DACircularProgressView.m */,
			);
			path = DACircularProgress;
			sourceTree = "<group>";
		};
		E5B1EEF615BB66150089CC77 /* IOSBoilerplate */ = {
			isa = PBXGroup;
			children = (
				E5B1EEF715BB66160089CC77 /* EGORefreshTableHeaderView.h */,
				E5B1EEF815BB66160089CC77 /* EGORefreshTableHeaderView.m */,
			);
			path = IOSBoilerplate;
			sourceTree = "<group>";
		};
		E5B1EEFF15BB6D350089CC77 /* MGBox */ = {
			isa = PBXGroup;
			children = (
				E5B1EF0015BB6D350089CC77 /* MGBox.h */,
				E5B1EF0115BB6D350089CC77 /* MGBox.m */,
				E5B1EF0215BB6D350089CC77 /* MGBoxLine.h */,
				E5B1EF0315BB6D350089CC77 /* MGBoxLine.m */,
				E5B1EF0415BB6D350089CC77 /* MGBoxProtocol.h */,
				E5B1EF0515BB6D350089CC77 /* MGButton.h */,
				E5B1EF0615BB6D350089CC77 /* MGButton.m */,
				E5B1EF0715BB6D350089CC77 /* MGScrollView.h */,
				E5B1EF0815BB6D350089CC77 /* MGScrollView.m */,
				E5B1EF0915BB6D350089CC77 /* MGStyledBox.h */,
				E5B1EF0A15BB6D350089CC77 /* MGStyledBox.m */,
			);
			path = MGBox;
			sourceTree = "<group>";
		};
		E5B1EF0B15BB6D350089CC77 /* PrettyKit */ = {
			isa = PBXGroup;
			children = (
				E5B1EF0C15BB6D350089CC77 /* PrettyToolbar.h */,
				E5B1EF0D15BB6D350089CC77 /* PrettyToolbar.m */,
			);
			path = PrettyKit;
			sourceTree = "<group>";
		};
		E5B1EFAD15BB9B930089CC77 /* Resources */ = {
			isa = PBXGroup;
			children = (
				E5B1EFEC15BBAB920089CC77 /* images */,
				E5B1EFAE15BB9B930089CC77 /* arrow.png */,
				E5B1EFAF15BB9B930089CC77 /* background.png */,
				E5B1EFB015BB9B930089CC77 /* background@2x.png */,
				E5B1EFB115BB9B930089CC77 /* blackArrow.png */,
				E5B1EFB215BB9B930089CC77 /* blackArrow@2x.png */,
				E5B1EFB315BB9B930089CC77 /* blueArrow.png */,
				E5B1EFB415BB9B930089CC77 /* blueArrow@2x.png */,
				E5B1EFB515BB9B930089CC77 /* ButtonMenu.png */,
				E5B1EFB615BB9B930089CC77 /* ButtonMenu@2x.png */,
				E5B1EFB715BB9B930089CC77 /* dirty_old_shirt.png */,
				E5B1EFB815BB9B930089CC77 /* gplaypattern.png */,
				E5B1EFB915BB9B930089CC77 /* green.png */,
				E5B1EFBA15BB9B930089CC77 /* grey.jpg */,
				E5B1EFBB15BB9B930089CC77 /* orange.png */,
				E5B1EFBC15BB9B930089CC77 /* p0.png */,
				E5B1EFBD15BB9B930089CC77 /* p1.png */,
				E5B1EFBF15BB9B930089CC77 /* rebel.png */,
				E5B1EFC015BB9B930089CC77 /* red.png */,
				E5B1EFC115BB9B930089CC77 /* wood_pattern.png */,
			);
			path = Resources;
			sourceTree = "<group>";
		};
		E5B1EFD615BB9D2F0089CC77 /* Boxes */ = {
			isa = PBXGroup;
			children = (
				E5B1EFE515BBA8960089CC77 /* PromptBox.h */,
				E5B1EFE615BBA8960089CC77 /* PromptBox.m */,
			);
			name = Boxes;
			sourceTree = "<group>";
		};
		E5B1EFE815BBAA1F0089CC77 /* iphone-libs */ = {
			isa = PBXGroup;
			children = (
				E5B1EFE915BBAA1F0089CC77 /* BadgeLabel.h */,
				E5B1EFEA15BBAA1F0089CC77 /* BadgeLabel.m */,
			);
			path = "iphone-libs";
			sourceTree = "<group>";
		};
		E5B1EFEC15BBAB920089CC77 /* images */ = {
			isa = PBXGroup;
			children = (
				E5B1F07315BBCAA60089CC77 /* splashScreen.png */,
				E5B1EFED15BBAB920089CC77 /* icon-check-black.png */,
				E5B1EFEE15BBAB920089CC77 /* icon-check-empty-black.png */,
				E5B1EFEF15BBAB920089CC77 /* icon-check-empty-grey.png */,
				E5B1EFF015BBAB920089CC77 /* icon-check-empty-white.png */,
				E5B1EFF115BBAB920089CC77 /* icon-check-grey.png */,
				E5B1EFF215BBAB920089CC77 /* icon-check-white.png */,
				E5B1EFF315BBAB920089CC77 /* icon-cog-black.png */,
				E5B1EFF415BBAB920089CC77 /* icon-cog-grey.png */,
				E5B1EFF515BBAB920089CC77 /* icon-cog-white.png */,
				E5B1EFF615BBAB920089CC77 /* icon-facebook-black.png */,
				E5B1EFF715BBAB920089CC77 /* icon-facebook-grey.png */,
				E5B1EFF815BBAB920089CC77 /* icon-facebook-white.png */,
				E5B1EFF915BBAB920089CC77 /* icon-group-black.png */,
				E5B1EFFA15BBAB920089CC77 /* icon-group-grey.png */,
				E5B1EFFB15BBAB920089CC77 /* icon-group-white.png */,
				E5B1EFFC15BBAB920089CC77 /* icon-home-black.png */,
				E5B1EFFD15BBAB920089CC77 /* icon-home-grey.png */,
				E5B1EFFE15BBAB920089CC77 /* icon-home-white.png */,
				E5B1EFFF15BBAB920089CC77 /* icon-inbox-black.png */,
				E5B1F00015BBAB920089CC77 /* icon-inbox-grey.png */,
				E5B1F00115BBAB920089CC77 /* icon-inbox-white.png */,
				E5B1F00215BBAB920089CC77 /* icon-list-ul-black.png */,
				E5B1F00315BBAB920089CC77 /* icon-list-ul-grey.png */,
				E5B1F00415BBAB920089CC77 /* icon-list-ul-white.png */,
				E5B1F00515BBAB920089CC77 /* icon-pushpin-black.png */,
				E5B1F00615BBAB920089CC77 /* icon-pushpin-grey.png */,
				E5B1F00715BBAB920089CC77 /* icon-pushpin-white.png */,
				E5B1F00815BBAB920089CC77 /* icon-random-black.png */,
				E5B1F00915BBAB920089CC77 /* icon-random-grey.png */,
				E5B1F00A15BBAB920089CC77 /* icon-random-white.png */,
				E5B1F00B15BBAB920089CC77 /* icon-search-black.png */,
				E5B1F00C15BBAB920089CC77 /* icon-search-grey.png */,
				E5B1F00D15BBAB920089CC77 /* icon-search-white.png */,
				E5B1F00E15BBAB920089CC77 /* icon-sort-black.png */,
				E5B1F00F15BBAB920089CC77 /* icon-sort-down-black.png */,
				E5B1F01015BBAB920089CC77 /* icon-sort-down-grey.png */,
				E5B1F01115BBAB920089CC77 /* icon-sort-down-white.png */,
				E5B1F01215BBAB920089CC77 /* icon-sort-grey.png */,
				E5B1F01315BBAB920089CC77 /* icon-sort-up-black.png */,
				E5B1F01415BBAB920089CC77 /* icon-sort-up-grey.png */,
				E5B1F01515BBAB920089CC77 /* icon-sort-up-white.png */,
				E5B1F01615BBAB920089CC77 /* icon-sort-white.png */,
				E5B1F01715BBAB920089CC77 /* icon-twitter-black.png */,
				E5B1F01815BBAB920089CC77 /* icon-twitter-grey.png */,
				E5B1F01915BBAB920089CC77 /* icon-twitter-white.png */,
				E5B1F01A15BBAB920089CC77 /* icons-black.png */,
				E5B1F01B15BBAB920089CC77 /* icons-grey.png */,
				E5B1F01C15BBAB920089CC77 /* icons-white.png */,
			);
			path = images;
			sourceTree = "<group>";
		};
/* End PBXGroup section */

/* Begin PBXNativeTarget section */
		E5B1EEA415BB526D0089CC77 /* PromptuApp */ = {
			isa = PBXNativeTarget;
			buildConfigurationList = E5B1EEC315BB526D0089CC77 /* Build configuration list for PBXNativeTarget "PromptuApp" */;
			buildPhases = (
				E5B1EEA115BB526D0089CC77 /* Sources */,
				E5B1EEA215BB526D0089CC77 /* Frameworks */,
				E5B1EEA315BB526D0089CC77 /* Resources */,
				09F381EBBA794584B84F0263 /* Copy Pods Resources */,
			);
			buildRules = (
			);
			dependencies = (
			);
			name = PromptuApp;
			productName = PromptuApp;
			productReference = E5B1EEA515BB526D0089CC77 /* PromptuApp.app */;
			productType = "com.apple.product-type.application";
		};
/* End PBXNativeTarget section */

/* Begin PBXProject section */
		E5B1EE9C15BB526D0089CC77 /* Project object */ = {
			isa = PBXProject;
			attributes = {
				LastUpgradeCheck = 0430;
			};
			buildConfigurationList = E5B1EE9F15BB526D0089CC77 /* Build configuration list for PBXProject "PromptuApp" */;
			compatibilityVersion = "Xcode 3.2";
			developmentRegion = English;
			hasScannedForEncodings = 0;
			knownRegions = (
				en,
			);
			mainGroup = E5B1EE9A15BB526D0089CC77;
			productRefGroup = E5B1EEA615BB526D0089CC77 /* Products */;
			projectDirPath = "";
			projectRoot = "";
			targets = (
				E5B1EEA415BB526D0089CC77 /* PromptuApp */,
			);
		};
/* End PBXProject section */

/* Begin PBXResourcesBuildPhase section */
		E5B1EEA315BB526D0089CC77 /* Resources */ = {
			isa = PBXResourcesBuildPhase;
			buildActionMask = 2147483647;
			files = (
				E5B1EEB415BB526D0089CC77 /* InfoPlist.strings in Resources */,
				E5B1EEC015BB526D0089CC77 /* ViewController.xib in Resources */,
				E5B1EF3915BB807A0089CC77 /* MenuViewController.xib in Resources */,
				E5B1EF3E15BB812F0089CC77 /* PromptViewController.xib in Resources */,
				E5B1EFC215BB9B930089CC77 /* arrow.png in Resources */,
				E5B1EFC315BB9B930089CC77 /* background.png in Resources */,
				E5B1EFC415BB9B930089CC77 /* background@2x.png in Resources */,
				E5B1EFC515BB9B930089CC77 /* blackArrow.png in Resources */,
				E5B1EFC615BB9B930089CC77 /* blackArrow@2x.png in Resources */,
				E5B1EFC715BB9B930089CC77 /* blueArrow.png in Resources */,
				E5B1EFC815BB9B930089CC77 /* blueArrow@2x.png in Resources */,
				E5B1EFC915BB9B930089CC77 /* ButtonMenu.png in Resources */,
				E5B1EFCA15BB9B930089CC77 /* ButtonMenu@2x.png in Resources */,
				E5B1EFCB15BB9B930089CC77 /* dirty_old_shirt.png in Resources */,
				E5B1EFCC15BB9B930089CC77 /* gplaypattern.png in Resources */,
				E5B1EFCD15BB9B930089CC77 /* green.png in Resources */,
				E5B1EFCE15BB9B930089CC77 /* grey.jpg in Resources */,
				E5B1EFCF15BB9B930089CC77 /* orange.png in Resources */,
				E5B1EFD015BB9B930089CC77 /* p0.png in Resources */,
				E5B1EFD115BB9B930089CC77 /* p1.png in Resources */,
				E5B1EFD315BB9B930089CC77 /* rebel.png in Resources */,
				E5B1EFD415BB9B930089CC77 /* red.png in Resources */,
				E5B1EFD515BB9B930089CC77 /* wood_pattern.png in Resources */,
				E5B1EFD815BB9E020089CC77 /* NavBar.xib in Resources */,
				E5B1F01D15BBAB920089CC77 /* icon-check-black.png in Resources */,
				E5B1F01E15BBAB920089CC77 /* icon-check-empty-black.png in Resources */,
				E5B1F01F15BBAB920089CC77 /* icon-check-empty-grey.png in Resources */,
				E5B1F02015BBAB920089CC77 /* icon-check-empty-white.png in Resources */,
				E5B1F02115BBAB920089CC77 /* icon-check-grey.png in Resources */,
				E5B1F02215BBAB920089CC77 /* icon-check-white.png in Resources */,
				E5B1F02315BBAB920089CC77 /* icon-cog-black.png in Resources */,
				E5B1F02415BBAB920089CC77 /* icon-cog-grey.png in Resources */,
				E5B1F02515BBAB920089CC77 /* icon-cog-white.png in Resources */,
				E5B1F02615BBAB920089CC77 /* icon-facebook-black.png in Resources */,
				E5B1F02715BBAB920089CC77 /* icon-facebook-grey.png in Resources */,
				E5B1F02815BBAB920089CC77 /* icon-facebook-white.png in Resources */,
				E5B1F02915BBAB920089CC77 /* icon-group-black.png in Resources */,
				E5B1F02A15BBAB920089CC77 /* icon-group-grey.png in Resources */,
				E5B1F02B15BBAB920089CC77 /* icon-group-white.png in Resources */,
				E5B1F02C15BBAB920089CC77 /* icon-home-black.png in Resources */,
				E5B1F02D15BBAB920089CC77 /* icon-home-grey.png in Resources */,
				E5B1F02E15BBAB920089CC77 /* icon-home-white.png in Resources */,
				E5B1F02F15BBAB920089CC77 /* icon-inbox-black.png in Resources */,
				E5B1F03015BBAB920089CC77 /* icon-inbox-grey.png in Resources */,
				E5B1F03115BBAB920089CC77 /* icon-inbox-white.png in Resources */,
				E5B1F03215BBAB920089CC77 /* icon-list-ul-black.png in Resources */,
				E5B1F03315BBAB920089CC77 /* icon-list-ul-grey.png in Resources */,
				E5B1F03415BBAB920089CC77 /* icon-list-ul-white.png in Resources */,
				E5B1F03515BBAB920089CC77 /* icon-pushpin-black.png in Resources */,
				E5B1F03615BBAB920089CC77 /* icon-pushpin-grey.png in Resources */,
				E5B1F03715BBAB920089CC77 /* icon-pushpin-white.png in Resources */,
				E5B1F03815BBAB920089CC77 /* icon-random-black.png in Resources */,
				E5B1F03915BBAB920089CC77 /* icon-random-grey.png in Resources */,
				E5B1F03A15BBAB920089CC77 /* icon-random-white.png in Resources */,
				E5B1F03B15BBAB920089CC77 /* icon-search-black.png in Resources */,
				E5B1F03C15BBAB920089CC77 /* icon-search-grey.png in Resources */,
				E5B1F03D15BBAB920089CC77 /* icon-search-white.png in Resources */,
				E5B1F03E15BBAB920089CC77 /* icon-sort-black.png in Resources */,
				E5B1F03F15BBAB920089CC77 /* icon-sort-down-black.png in Resources */,
				E5B1F04015BBAB920089CC77 /* icon-sort-down-grey.png in Resources */,
				E5B1F04115BBAB920089CC77 /* icon-sort-down-white.png in Resources */,
				E5B1F04215BBAB920089CC77 /* icon-sort-grey.png in Resources */,
				E5B1F04315BBAB920089CC77 /* icon-sort-up-black.png in Resources */,
				E5B1F04415BBAB920089CC77 /* icon-sort-up-grey.png in Resources */,
				E5B1F04515BBAB920089CC77 /* icon-sort-up-white.png in Resources */,
				E5B1F04615BBAB920089CC77 /* icon-sort-white.png in Resources */,
				E5B1F04715BBAB920089CC77 /* icon-twitter-black.png in Resources */,
				E5B1F04815BBAB920089CC77 /* icon-twitter-grey.png in Resources */,
				E5B1F04915BBAB920089CC77 /* icon-twitter-white.png in Resources */,
				E5B1F04A15BBAB920089CC77 /* icons-black.png in Resources */,
				E5B1F04B15BBAB920089CC77 /* icons-grey.png in Resources */,
				E5B1F04C15BBAB920089CC77 /* icons-white.png in Resources */,
				E5B1F07215BBC6F00089CC77 /* SignInViewController.xib in Resources */,
				E5B1F07415BBCAA60089CC77 /* splashScreen.png in Resources */,
			);
			runOnlyForDeploymentPostprocessing = 0;
		};
/* End PBXResourcesBuildPhase section */

/* Begin PBXShellScriptBuildPhase section */
		09F381EBBA794584B84F0263 /* Copy Pods Resources */ = {
			isa = PBXShellScriptBuildPhase;
			buildActionMask = 2147483647;
			files = (
			);
			inputPaths = (
			);
			name = "Copy Pods Resources";
			outputPaths = (
			);
			runOnlyForDeploymentPostprocessing = 0;
			shellPath = /bin/sh;
			shellScript = "\"${SRCROOT}/Pods/Pods-resources.sh\"\n";
		};
/* End PBXShellScriptBuildPhase section */

/* Begin PBXSourcesBuildPhase section */
		E5B1EEA115BB526D0089CC77 /* Sources */ = {
			isa = PBXSourcesBuildPhase;
			buildActionMask = 2147483647;
			files = (
				E5B1EEB615BB526D0089CC77 /* main.m in Sources */,
				E5B1EEBA15BB526D0089CC77 /* AppDelegate.m in Sources */,
				E5B1EEBD15BB526D0089CC77 /* ViewController.m in Sources */,
				E5B1EEDD15BB5D860089CC77 /* ZUUIRevealController.m in Sources */,
				E5B1EEE915BB5FD60089CC77 /* RevealController.m in Sources */,
				E5B1EEEC15BB61830089CC77 /* Prompt.m in Sources */,
				E5B1EEEF15BB62810089CC77 /* PromptCenter.m in Sources */,
				E5B1EEF215BB62B10089CC77 /* Singleton.m in Sources */,
				E5B1EEF915BB66160089CC77 /* DACircularProgressView.m in Sources */,
				E5B1EEFA15BB66160089CC77 /* EGORefreshTableHeaderView.m in Sources */,
				E5B1EF0E15BB6D350089CC77 /* MGBox.m in Sources */,
				E5B1EF0F15BB6D350089CC77 /* MGBoxLine.m in Sources */,
				E5B1EF1015BB6D350089CC77 /* MGButton.m in Sources */,
				E5B1EF1115BB6D350089CC77 /* MGScrollView.m in Sources */,
				E5B1EF1215BB6D350089CC77 /* MGStyledBox.m in Sources */,
				E5B1EF1315BB6D350089CC77 /* PrettyToolbar.m in Sources */,
				E5B1EF1A15BB6EED0089CC77 /* RefreshViewController.m in Sources */,
				E5B1EF1E15BB70700089CC77 /* UIColor+CreateMethods.m in Sources */,
				E5B1EF3015BB7FC90089CC77 /* NSString+Helper.m in Sources */,
				E5B1EF3415BB7FD80089CC77 /* NSData+Helper.m in Sources */,
				E5B1EF3815BB807A0089CC77 /* MenuViewController.m in Sources */,
				E5B1EF3D15BB812F0089CC77 /* PromptViewController.m in Sources */,
				E5B1EFE315BBA79B0089CC77 /* UILabelStrikethrough.m in Sources */,
				E5B1EFE715BBA8960089CC77 /* PromptBox.m in Sources */,
				E5B1EFEB15BBAA1F0089CC77 /* BadgeLabel.m in Sources */,
				E5B1F07115BBC6F00089CC77 /* SignInViewController.m in Sources */,
				E5B1F08515BBCC760089CC77 /* PromptAPI.m in Sources */,
			);
			runOnlyForDeploymentPostprocessing = 0;
		};
/* End PBXSourcesBuildPhase section */

/* Begin PBXVariantGroup section */
		E5B1EEB215BB526D0089CC77 /* InfoPlist.strings */ = {
			isa = PBXVariantGroup;
			children = (
				E5B1EEB315BB526D0089CC77 /* en */,
			);
			name = InfoPlist.strings;
			sourceTree = "<group>";
		};
		E5B1EEBE15BB526D0089CC77 /* ViewController.xib */ = {
			isa = PBXVariantGroup;
			children = (
				E5B1EEBF15BB526D0089CC77 /* en */,
			);
			name = ViewController.xib;
			sourceTree = "<group>";
		};
/* End PBXVariantGroup section */

/* Begin XCBuildConfiguration section */
		E5B1EEC115BB526D0089CC77 /* Debug */ = {
			isa = XCBuildConfiguration;
			buildSettings = {
				ALWAYS_SEARCH_USER_PATHS = NO;
				ARCHS = "$(ARCHS_STANDARD_32_BIT)";
				"CODE_SIGN_IDENTITY[sdk=iphoneos*]" = "iPhone Developer";
				COPY_PHASE_STRIP = NO;
				GCC_C_LANGUAGE_STANDARD = gnu99;
				GCC_DYNAMIC_NO_PIC = NO;
				GCC_OPTIMIZATION_LEVEL = 0;
				GCC_PREPROCESSOR_DEFINITIONS = (
					"DEBUG=1",
					"$(inherited)",
				);
				GCC_SYMBOLS_PRIVATE_EXTERN = NO;
				GCC_VERSION = com.apple.compilers.llvm.clang.1_0;
				GCC_WARN_ABOUT_RETURN_TYPE = YES;
				GCC_WARN_UNINITIALIZED_AUTOS = YES;
				GCC_WARN_UNUSED_VARIABLE = YES;
				IPHONEOS_DEPLOYMENT_TARGET = 5.1;
				SDKROOT = iphoneos;
			};
			name = Debug;
		};
		E5B1EEC215BB526D0089CC77 /* Release */ = {
			isa = XCBuildConfiguration;
			buildSettings = {
				ALWAYS_SEARCH_USER_PATHS = NO;
				ARCHS = "$(ARCHS_STANDARD_32_BIT)";
				"CODE_SIGN_IDENTITY[sdk=iphoneos*]" = "iPhone Developer";
				COPY_PHASE_STRIP = YES;
				GCC_C_LANGUAGE_STANDARD = gnu99;
				GCC_VERSION = com.apple.compilers.llvm.clang.1_0;
				GCC_WARN_ABOUT_RETURN_TYPE = YES;
				GCC_WARN_UNINITIALIZED_AUTOS = YES;
				GCC_WARN_UNUSED_VARIABLE = YES;
				IPHONEOS_DEPLOYMENT_TARGET = 5.1;
				OTHER_CFLAGS = "-DNS_BLOCK_ASSERTIONS=1";
				SDKROOT = iphoneos;
				VALIDATE_PRODUCT = YES;
			};
			name = Release;
		};
		E5B1EEC415BB526D0089CC77 /* Debug */ = {
			isa = XCBuildConfiguration;
			baseConfigurationReference = 775E628BF93D4FDEA52A036E /* Pods.xcconfig */;
			buildSettings = {
				CODE_SIGN_IDENTITY = "iPhone Developer: Brandon Millman (U4NQP58Q7Z)";
				GCC_PRECOMPILE_PREFIX_HEADER = YES;
				GCC_PREFIX_HEADER = "PromptuApp/PromptuApp-Prefix.pch";
				INFOPLIST_FILE = "PromptuApp/PromptuApp-Info.plist";
				PRODUCT_NAME = "$(TARGET_NAME)";
				PROVISIONING_PROFILE = "2D84A474-84BF-4BC4-AEE3-E3BA5CEA4750";
				WRAPPER_EXTENSION = app;
			};
			name = Debug;
		};
		E5B1EEC515BB526D0089CC77 /* Release */ = {
			isa = XCBuildConfiguration;
			baseConfigurationReference = 775E628BF93D4FDEA52A036E /* Pods.xcconfig */;
			buildSettings = {
				CODE_SIGN_IDENTITY = "iPhone Developer: Brandon Millman (U4NQP58Q7Z)";
				GCC_PRECOMPILE_PREFIX_HEADER = YES;
				GCC_PREFIX_HEADER = "PromptuApp/PromptuApp-Prefix.pch";
				INFOPLIST_FILE = "PromptuApp/PromptuApp-Info.plist";
				PRODUCT_NAME = "$(TARGET_NAME)";
				PROVISIONING_PROFILE = "2D84A474-84BF-4BC4-AEE3-E3BA5CEA4750";
				WRAPPER_EXTENSION = app;
			};
			name = Release;
		};
/* End XCBuildConfiguration section */

/* Begin XCConfigurationList section */
		E5B1EE9F15BB526D0089CC77 /* Build configuration list for PBXProject "PromptuApp" */ = {
			isa = XCConfigurationList;
			buildConfigurations = (
				E5B1EEC115BB526D0089CC77 /* Debug */,
				E5B1EEC215BB526D0089CC77 /* Release */,
			);
			defaultConfigurationIsVisible = 0;
			defaultConfigurationName = Release;
		};
		E5B1EEC315BB526D0089CC77 /* Build configuration list for PBXNativeTarget "PromptuApp" */ = {
			isa = XCConfigurationList;
			buildConfigurations = (
				E5B1EEC415BB526D0089CC77 /* Debug */,
				E5B1EEC515BB526D0089CC77 /* Release */,
			);
			defaultConfigurationIsVisible = 0;
			defaultConfigurationName = Release;
		};
/* End XCConfigurationList section */
	};
	rootObject = E5B1EE9C15BB526D0089CC77 /* Project object */;
}
