// !$*UTF8*$!
{
	archiveVersion = 1;
	classes = {
	};
	objectVersion = 46;
	objects = {

/* Begin PBXBuildFile section */
		87D42EFEFC64418793F2F580 /* libPods.a in Frameworks */ = {isa = PBXBuildFile; fileRef = B2D7C8B040494DB5B3016DC8 /* libPods.a */; };
		E5B1EEAA15BB526D0089CC77 /* UIKit.framework in Frameworks */ = {isa = PBXBuildFile; fileRef = E5B1EEA915BB526D0089CC77 /* UIKit.framework */; };
		E5B1EEAC15BB526D0089CC77 /* Foundation.framework in Frameworks */ = {isa = PBXBuildFile; fileRef = E5B1EEAB15BB526D0089CC77 /* Foundation.framework */; };
		E5B1EEAE15BB526D0089CC77 /* CoreGraphics.framework in Frameworks */ = {isa = PBXBuildFile; fileRef = E5B1EEAD15BB526D0089CC77 /* CoreGraphics.framework */; };
		E5B1EEB415BB526D0089CC77 /* InfoPlist.strings in Resources */ = {isa = PBXBuildFile; fileRef = E5B1EEB215BB526D0089CC77 /* InfoPlist.strings */; };
		E5B1EEB615BB526D0089CC77 /* main.m in Sources */ = {isa = PBXBuildFile; fileRef = E5B1EEB515BB526D0089CC77 /* main.m */; };
		E5B1EEBA15BB526D0089CC77 /* AppDelegate.m in Sources */ = {isa = PBXBuildFile; fileRef = E5B1EEB915BB526D0089CC77 /* AppDelegate.m */; };
		E5B1EEBD15BB526D0089CC77 /* ViewController.m in Sources */ = {isa = PBXBuildFile; fileRef = E5B1EEBC15BB526D0089CC77 /* ViewController.m */; };
		E5B1EEC015BB526D0089CC77 /* ViewController.xib in Resources */ = {isa = PBXBuildFile; fileRef = E5B1EEBE15BB526D0089CC77 /* ViewController.xib */; };
		E5B1EEDD15BB5D860089CC77 /* ZUUIRevealController.m in Sources */ = {isa = PBXBuildFile; fileRef = E5B1EEDC15BB5D860089CC77 /* ZUUIRevealController.m */; };
		E5B1EEE915BB5FD60089CC77 /* RevealController.m in Sources */ = {isa = PBXBuildFile; fileRef = E5B1EEE815BB5FD60089CC77 /* RevealController.m */; };
		E5B1EEEC15BB61830089CC77 /* Prompt.m in Sources */ = {isa = PBXBuildFile; fileRef = E5B1EEEB15BB61830089CC77 /* Prompt.m */; };
/* End PBXBuildFile section */

/* Begin PBXFileReference section */
		775E628BF93D4FDEA52A036E /* Pods.xcconfig */ = {isa = PBXFileReference; includeInIndex = 1; lastKnownFileType = text.xcconfig; name = Pods.xcconfig; path = Pods/Pods.xcconfig; sourceTree = SOURCE_ROOT; };
		B2D7C8B040494DB5B3016DC8 /* libPods.a */ = {isa = PBXFileReference; explicitFileType = archive.ar; includeInIndex = 0; path = libPods.a; sourceTree = BUILT_PRODUCTS_DIR; };
		E5B1EEA515BB526D0089CC77 /* PromptuApp.app */ = {isa = PBXFileReference; explicitFileType = wrapper.application; includeInIndex = 0; path = PromptuApp.app; sourceTree = BUILT_PRODUCTS_DIR; };
		E5B1EEA915BB526D0089CC77 /* UIKit.framework */ = {isa = PBXFileReference; includeInIndex = 1; lastKnownFileType = wrapper.framework; name = UIKit.framework; path = System/Library/Frameworks/UIKit.framework; sourceTree = SDKROOT; };
		E5B1EEAB15BB526D0089CC77 /* Foundation.framework */ = {isa = PBXFileReference; includeInIndex = 1; lastKnownFileType = wrapper.framework; name = Foundation.framework; path = System/Library/Frameworks/Foundation.framework; sourceTree = SDKROOT; };
		E5B1EEAD15BB526D0089CC77 /* CoreGraphics.framework */ = {isa = PBXFileReference; includeInIndex = 1; lastKnownFileType = wrapper.framework; name = CoreGraphics.framework; path = System/Library/Frameworks/CoreGraphics.framework; sourceTree = SDKROOT; };
		E5B1EEB115BB526D0089CC77 /* PromptuApp-Info.plist */ = {isa = PBXFileReference; lastKnownFileType = text.plist.xml; path = "PromptuApp-Info.plist"; sourceTree = "<group>"; };
		E5B1EEB315BB526D0089CC77 /* en */ = {isa = PBXFileReference; lastKnownFileType = text.plist.strings; name = en; path = en.lproj/InfoPlist.strings; sourceTree = "<group>"; };
		E5B1EEB515BB526D0089CC77 /* main.m */ = {isa = PBXFileReference; lastKnownFileType = sourcecode.c.objc; path = main.m; sourceTree = "<group>"; };
		E5B1EEB715BB526D0089CC77 /* PromptuApp-Prefix.pch */ = {isa = PBXFileReference; lastKnownFileType = sourcecode.c.h; path = "PromptuApp-Prefix.pch"; sourceTree = "<group>"; };
		E5B1EEB815BB526D0089CC77 /* AppDelegate.h */ = {isa = PBXFileReference; lastKnownFileType = sourcecode.c.h; path = AppDelegate.h; sourceTree = "<group>"; };
		E5B1EEB915BB526D0089CC77 /* AppDelegate.m */ = {isa = PBXFileReference; lastKnownFileType = sourcecode.c.objc; path = AppDelegate.m; sourceTree = "<group>"; };
		E5B1EEBB15BB526D0089CC77 /* ViewController.h */ = {isa = PBXFileReference; lastKnownFileType = sourcecode.c.h; path = ViewController.h; sourceTree = "<group>"; };
		E5B1EEBC15BB526D0089CC77 /* ViewController.m */ = {isa = PBXFileReference; lastKnownFileType = sourcecode.c.objc; path = ViewController.m; sourceTree = "<group>"; };
		E5B1EEBF15BB526D0089CC77 /* en */ = {isa = PBXFileReference; lastKnownFileType = file.xib; name = en; path = en.lproj/ViewController.xib; sourceTree = "<group>"; };
		E5B1EEDB15BB5D860089CC77 /* ZUUIRevealController.h */ = {isa = PBXFileReference; fileEncoding = 4; lastKnownFileType = sourcecode.c.h; path = ZUUIRevealController.h; sourceTree = "<group>"; };
		E5B1EEDC15BB5D860089CC77 /* ZUUIRevealController.m */ = {isa = PBXFileReference; fileEncoding = 4; lastKnownFileType = sourcecode.c.objc; path = ZUUIRevealController.m; sourceTree = "<group>"; };
		E5B1EEDF15BB5DAF0089CC77 /* Constants.h */ = {isa = PBXFileReference; fileEncoding = 4; lastKnownFileType = sourcecode.c.h; path = Constants.h; sourceTree = "<group>"; };
		E5B1EEE715BB5FD60089CC77 /* RevealController.h */ = {isa = PBXFileReference; fileEncoding = 4; lastKnownFileType = sourcecode.c.h; path = RevealController.h; sourceTree = "<group>"; };
		E5B1EEE815BB5FD60089CC77 /* RevealController.m */ = {isa = PBXFileReference; fileEncoding = 4; lastKnownFileType = sourcecode.c.objc; path = RevealController.m; sourceTree = "<group>"; };
		E5B1EEEA15BB61830089CC77 /* Prompt.h */ = {isa = PBXFileReference; fileEncoding = 4; lastKnownFileType = sourcecode.c.h; path = Prompt.h; sourceTree = "<group>"; };
		E5B1EEEB15BB61830089CC77 /* Prompt.m */ = {isa = PBXFileReference; fileEncoding = 4; lastKnownFileType = sourcecode.c.objc; path = Prompt.m; sourceTree = "<group>"; };
/* End PBXFileReference section */

/* Begin PBXFrameworksBuildPhase section */
		E5B1EEA215BB526D0089CC77 /* Frameworks */ = {
			isa = PBXFrameworksBuildPhase;
			buildActionMask = 2147483647;
			files = (
				E5B1EEAA15BB526D0089CC77 /* UIKit.framework in Frameworks */,
				E5B1EEAC15BB526D0089CC77 /* Foundation.framework in Frameworks */,
				E5B1EEAE15BB526D0089CC77 /* CoreGraphics.framework in Frameworks */,
				87D42EFEFC64418793F2F580 /* libPods.a in Frameworks */,
			);
			runOnlyForDeploymentPostprocessing = 0;
		};
/* End PBXFrameworksBuildPhase section */

/* Begin PBXGroup section */
		E5B1EE9A15BB526D0089CC77 = {
			isa = PBXGroup;
			children = (
				E5B1EEAF15BB526D0089CC77 /* PromptuApp */,
				E5B1EEA815BB526D0089CC77 /* Frameworks */,
				E5B1EEA615BB526D0089CC77 /* Products */,
				E5B1EED915BB5D860089CC77 /* Libraries */,
				775E628BF93D4FDEA52A036E /* Pods.xcconfig */,
			);
			sourceTree = "<group>";
		};
		E5B1EEA615BB526D0089CC77 /* Products */ = {
			isa = PBXGroup;
			children = (
				E5B1EEA515BB526D0089CC77 /* PromptuApp.app */,
			);
			name = Products;
			sourceTree = "<group>";
		};
		E5B1EEA815BB526D0089CC77 /* Frameworks */ = {
			isa = PBXGroup;
			children = (
				E5B1EEA915BB526D0089CC77 /* UIKit.framework */,
				E5B1EEAB15BB526D0089CC77 /* Foundation.framework */,
				E5B1EEAD15BB526D0089CC77 /* CoreGraphics.framework */,
				B2D7C8B040494DB5B3016DC8 /* libPods.a */,
			);
			name = Frameworks;
			sourceTree = "<group>";
		};
		E5B1EEAF15BB526D0089CC77 /* PromptuApp */ = {
			isa = PBXGroup;
			children = (
				E5B1EEE515BB5ECA0089CC77 /* Util */,
				E5B1EEE415BB5EB90089CC77 /* Centers */,
				E5B1EEE615BB5F770089CC77 /* API */,
				E5B1EEE315BB5EAD0089CC77 /* ViewControllers */,
				E5B1EEE215BB5EA60089CC77 /* Models */,
				E5B1EEB015BB526D0089CC77 /* Supporting Files */,
				E5B1EEDF15BB5DAF0089CC77 /* Constants.h */,
				E5B1EEB815BB526D0089CC77 /* AppDelegate.h */,
				E5B1EEB915BB526D0089CC77 /* AppDelegate.m */,
				E5B1EEBB15BB526D0089CC77 /* ViewController.h */,
				E5B1EEBC15BB526D0089CC77 /* ViewController.m */,
				E5B1EEBE15BB526D0089CC77 /* ViewController.xib */,
			);
			path = PromptuApp;
			sourceTree = "<group>";
		};
		E5B1EEB015BB526D0089CC77 /* Supporting Files */ = {
			isa = PBXGroup;
			children = (
				E5B1EEB115BB526D0089CC77 /* PromptuApp-Info.plist */,
				E5B1EEB215BB526D0089CC77 /* InfoPlist.strings */,
				E5B1EEB515BB526D0089CC77 /* main.m */,
				E5B1EEB715BB526D0089CC77 /* PromptuApp-Prefix.pch */,
			);
			name = "Supporting Files";
			sourceTree = "<group>";
		};
		E5B1EED915BB5D860089CC77 /* Libraries */ = {
			isa = PBXGroup;
			children = (
				E5B1EEDA15BB5D860089CC77 /* ZUUIRevealController */,
			);
			path = Libraries;
			sourceTree = "<group>";
		};
		E5B1EEDA15BB5D860089CC77 /* ZUUIRevealController */ = {
			isa = PBXGroup;
			children = (
				E5B1EEDB15BB5D860089CC77 /* ZUUIRevealController.h */,
				E5B1EEDC15BB5D860089CC77 /* ZUUIRevealController.m */,
			);
			path = ZUUIRevealController;
			sourceTree = "<group>";
		};
		E5B1EEE215BB5EA60089CC77 /* Models */ = {
			isa = PBXGroup;
			children = (
				E5B1EEEA15BB61830089CC77 /* Prompt.h */,
				E5B1EEEB15BB61830089CC77 /* Prompt.m */,
			);
			name = Models;
			sourceTree = "<group>";
		};
		E5B1EEE315BB5EAD0089CC77 /* ViewControllers */ = {
			isa = PBXGroup;
			children = (
				E5B1EEE715BB5FD60089CC77 /* RevealController.h */,
				E5B1EEE815BB5FD60089CC77 /* RevealController.m */,
			);
			name = ViewControllers;
			sourceTree = "<group>";
		};
		E5B1EEE415BB5EB90089CC77 /* Centers */ = {
			isa = PBXGroup;
			children = (
			);
			name = Centers;
			sourceTree = "<group>";
		};
		E5B1EEE515BB5ECA0089CC77 /* Util */ = {
			isa = PBXGroup;
			children = (
			);
			name = Util;
			sourceTree = "<group>";
		};
		E5B1EEE615BB5F770089CC77 /* API */ = {
			isa = PBXGroup;
			children = (
			);
			name = API;
			sourceTree = "<group>";
		};
/* End PBXGroup section */

/* Begin PBXNativeTarget section */
		E5B1EEA415BB526D0089CC77 /* PromptuApp */ = {
			isa = PBXNativeTarget;
			buildConfigurationList = E5B1EEC315BB526D0089CC77 /* Build configuration list for PBXNativeTarget "PromptuApp" */;
			buildPhases = (
				E5B1EEA115BB526D0089CC77 /* Sources */,
				E5B1EEA215BB526D0089CC77 /* Frameworks */,
				E5B1EEA315BB526D0089CC77 /* Resources */,
				09F381EBBA794584B84F0263 /* Copy Pods Resources */,
			);
			buildRules = (
			);
			dependencies = (
			);
			name = PromptuApp;
			productName = PromptuApp;
			productReference = E5B1EEA515BB526D0089CC77 /* PromptuApp.app */;
			productType = "com.apple.product-type.application";
		};
/* End PBXNativeTarget section */

/* Begin PBXProject section */
		E5B1EE9C15BB526D0089CC77 /* Project object */ = {
			isa = PBXProject;
			attributes = {
				LastUpgradeCheck = 0430;
			};
			buildConfigurationList = E5B1EE9F15BB526D0089CC77 /* Build configuration list for PBXProject "PromptuApp" */;
			compatibilityVersion = "Xcode 3.2";
			developmentRegion = English;
			hasScannedForEncodings = 0;
			knownRegions = (
				en,
			);
			mainGroup = E5B1EE9A15BB526D0089CC77;
			productRefGroup = E5B1EEA615BB526D0089CC77 /* Products */;
			projectDirPath = "";
			projectRoot = "";
			targets = (
				E5B1EEA415BB526D0089CC77 /* PromptuApp */,
			);
		};
/* End PBXProject section */

/* Begin PBXResourcesBuildPhase section */
		E5B1EEA315BB526D0089CC77 /* Resources */ = {
			isa = PBXResourcesBuildPhase;
			buildActionMask = 2147483647;
			files = (
				E5B1EEB415BB526D0089CC77 /* InfoPlist.strings in Resources */,
				E5B1EEC015BB526D0089CC77 /* ViewController.xib in Resources */,
			);
			runOnlyForDeploymentPostprocessing = 0;
		};
/* End PBXResourcesBuildPhase section */

/* Begin PBXShellScriptBuildPhase section */
		09F381EBBA794584B84F0263 /* Copy Pods Resources */ = {
			isa = PBXShellScriptBuildPhase;
			buildActionMask = 2147483647;
			files = (
			);
			inputPaths = (
			);
			name = "Copy Pods Resources";
			outputPaths = (
			);
			runOnlyForDeploymentPostprocessing = 0;
			shellPath = /bin/sh;
			shellScript = "\"${SRCROOT}/Pods/Pods-resources.sh\"\n";
		};
/* End PBXShellScriptBuildPhase section */

/* Begin PBXSourcesBuildPhase section */
		E5B1EEA115BB526D0089CC77 /* Sources */ = {
			isa = PBXSourcesBuildPhase;
			buildActionMask = 2147483647;
			files = (
				E5B1EEB615BB526D0089CC77 /* main.m in Sources */,
				E5B1EEBA15BB526D0089CC77 /* AppDelegate.m in Sources */,
				E5B1EEBD15BB526D0089CC77 /* ViewController.m in Sources */,
				E5B1EEDD15BB5D860089CC77 /* ZUUIRevealController.m in Sources */,
				E5B1EEE915BB5FD60089CC77 /* RevealController.m in Sources */,
				E5B1EEEC15BB61830089CC77 /* Prompt.m in Sources */,
			);
			runOnlyForDeploymentPostprocessing = 0;
		};
/* End PBXSourcesBuildPhase section */

/* Begin PBXVariantGroup section */
		E5B1EEB215BB526D0089CC77 /* InfoPlist.strings */ = {
			isa = PBXVariantGroup;
			children = (
				E5B1EEB315BB526D0089CC77 /* en */,
			);
			name = InfoPlist.strings;
			sourceTree = "<group>";
		};
		E5B1EEBE15BB526D0089CC77 /* ViewController.xib */ = {
			isa = PBXVariantGroup;
			children = (
				E5B1EEBF15BB526D0089CC77 /* en */,
			);
			name = ViewController.xib;
			sourceTree = "<group>";
		};
/* End PBXVariantGroup section */

/* Begin XCBuildConfiguration section */
		E5B1EEC115BB526D0089CC77 /* Debug */ = {
			isa = XCBuildConfiguration;
			buildSettings = {
				ALWAYS_SEARCH_USER_PATHS = NO;
				ARCHS = "$(ARCHS_STANDARD_32_BIT)";
				"CODE_SIGN_IDENTITY[sdk=iphoneos*]" = "iPhone Developer";
				COPY_PHASE_STRIP = NO;
				GCC_C_LANGUAGE_STANDARD = gnu99;
				GCC_DYNAMIC_NO_PIC = NO;
				GCC_OPTIMIZATION_LEVEL = 0;
				GCC_PREPROCESSOR_DEFINITIONS = (
					"DEBUG=1",
					"$(inherited)",
				);
				GCC_SYMBOLS_PRIVATE_EXTERN = NO;
				GCC_VERSION = com.apple.compilers.llvm.clang.1_0;
				GCC_WARN_ABOUT_RETURN_TYPE = YES;
				GCC_WARN_UNINITIALIZED_AUTOS = YES;
				GCC_WARN_UNUSED_VARIABLE = YES;
				IPHONEOS_DEPLOYMENT_TARGET = 5.1;
				SDKROOT = iphoneos;
			};
			name = Debug;
		};
		E5B1EEC215BB526D0089CC77 /* Release */ = {
			isa = XCBuildConfiguration;
			buildSettings = {
				ALWAYS_SEARCH_USER_PATHS = NO;
				ARCHS = "$(ARCHS_STANDARD_32_BIT)";
				"CODE_SIGN_IDENTITY[sdk=iphoneos*]" = "iPhone Developer";
				COPY_PHASE_STRIP = YES;
				GCC_C_LANGUAGE_STANDARD = gnu99;
				GCC_VERSION = com.apple.compilers.llvm.clang.1_0;
				GCC_WARN_ABOUT_RETURN_TYPE = YES;
				GCC_WARN_UNINITIALIZED_AUTOS = YES;
				GCC_WARN_UNUSED_VARIABLE = YES;
				IPHONEOS_DEPLOYMENT_TARGET = 5.1;
				OTHER_CFLAGS = "-DNS_BLOCK_ASSERTIONS=1";
				SDKROOT = iphoneos;
				VALIDATE_PRODUCT = YES;
			};
			name = Release;
		};
		E5B1EEC415BB526D0089CC77 /* Debug */ = {
			isa = XCBuildConfiguration;
			baseConfigurationReference = 775E628BF93D4FDEA52A036E /* Pods.xcconfig */;
			buildSettings = {
				CODE_SIGN_IDENTITY = "iPhone Developer: Brandon Millman (U4NQP58Q7Z)";
				GCC_PRECOMPILE_PREFIX_HEADER = YES;
				GCC_PREFIX_HEADER = "PromptuApp/PromptuApp-Prefix.pch";
				INFOPLIST_FILE = "PromptuApp/PromptuApp-Info.plist";
				PRODUCT_NAME = "$(TARGET_NAME)";
				PROVISIONING_PROFILE = "2D84A474-84BF-4BC4-AEE3-E3BA5CEA4750";
				WRAPPER_EXTENSION = app;
			};
			name = Debug;
		};
		E5B1EEC515BB526D0089CC77 /* Release */ = {
			isa = XCBuildConfiguration;
			baseConfigurationReference = 775E628BF93D4FDEA52A036E /* Pods.xcconfig */;
			buildSettings = {
				CODE_SIGN_IDENTITY = "iPhone Developer: Brandon Millman (U4NQP58Q7Z)";
				GCC_PRECOMPILE_PREFIX_HEADER = YES;
				GCC_PREFIX_HEADER = "PromptuApp/PromptuApp-Prefix.pch";
				INFOPLIST_FILE = "PromptuApp/PromptuApp-Info.plist";
				PRODUCT_NAME = "$(TARGET_NAME)";
				PROVISIONING_PROFILE = "2D84A474-84BF-4BC4-AEE3-E3BA5CEA4750";
				WRAPPER_EXTENSION = app;
			};
			name = Release;
		};
/* End XCBuildConfiguration section */

/* Begin XCConfigurationList section */
		E5B1EE9F15BB526D0089CC77 /* Build configuration list for PBXProject "PromptuApp" */ = {
			isa = XCConfigurationList;
			buildConfigurations = (
				E5B1EEC115BB526D0089CC77 /* Debug */,
				E5B1EEC215BB526D0089CC77 /* Release */,
			);
			defaultConfigurationIsVisible = 0;
			defaultConfigurationName = Release;
		};
		E5B1EEC315BB526D0089CC77 /* Build configuration list for PBXNativeTarget "PromptuApp" */ = {
			isa = XCConfigurationList;
			buildConfigurations = (
				E5B1EEC415BB526D0089CC77 /* Debug */,
				E5B1EEC515BB526D0089CC77 /* Release */,
			);
			defaultConfigurationIsVisible = 0;
			defaultConfigurationName = Release;
		};
/* End XCConfigurationList section */
	};
	rootObject = E5B1EE9C15BB526D0089CC77 /* Project object */;
}
